# This lockfile was autogenerated by Pants. To regenerate, run:
#
#    pants internal-generate-test-lockfile-fixtures ::
#
# --- BEGIN PANTS LOCKFILE METADATA: DO NOT EDIT OR REMOVE ---
# {
#   "version": 1,
#   "generated_with_requirements": [
#     "org.scala-lang:scala-library:2.13.8,url=not_provided,jar=not_provided",
#     "org.typelevel:cats-core_2.13:2.9.0,url=not_provided,jar=not_provided"
#   ]
# }
# --- END PANTS LOCKFILE METADATA ---

[[entries]]
directDependencies = []
dependencies = []
file_name = "org.scala-lang_scala-library_2.13.10.jar"

[entries.coord]
group = "org.scala-lang"
artifact = "scala-library"
version = "2.13.10"
packaging = "jar"
[entries.file_digest]
fingerprint = "e6ca607c3fce03e8fa38af3374ce1f8bb098e316e8bf6f6d27331360feddb1c1"
serialized_bytes_length = 5949244
[[entries]]
file_name = "org.typelevel_cats-core_2.13_2.9.0.jar"
[[entries.directDependencies]]
group = "org.scala-lang"
artifact = "scala-library"
version = "2.13.10"
packaging = "jar"

[[entries.directDependencies]]
group = "org.typelevel"
artifact = "cats-kernel_2.13"
version = "2.9.0"
packaging = "jar"

[[entries.dependencies]]
group = "org.scala-lang"
artifact = "scala-library"
version = "2.13.10"
packaging = "jar"

[[entries.dependencies]]
group = "org.typelevel"
artifact = "cats-kernel_2.13"
version = "2.9.0"
packaging = "jar"


[entries.coord]
group = "org.typelevel"
artifact = "cats-core_2.13"
version = "2.9.0"
packaging = "jar"
[entries.file_digest]
fingerprint = "1a4beb49987dea5c5028b2950a1fbc23c43978f247b43b4f8f21d1613870565a"
serialized_bytes_length = 6055599
[[entries]]
file_name = "org.typelevel_cats-kernel_2.13_2.9.0.jar"
[[entries.directDependencies]]
group = "org.scala-lang"
artifact = "scala-library"
version = "2.13.10"
packaging = "jar"

[[entries.dependencies]]
group = "org.scala-lang"
artifact = "scala-library"
version = "2.13.10"
packaging = "jar"


[entries.coord]
group = "org.typelevel"
artifact = "cats-kernel_2.13"
version = "2.9.0"
packaging = "jar"
[entries.file_digest]
fingerprint = "e43384e88928788c7eb6aadf6999e94d4f25d8a9068055636228af0ebbaec0c9"
serialized_bytes_length = 3578309
