{
  "allow_builds": true,
  "allow_prereleases": false,
  "allow_wheels": true,
  "build_isolation": true,
  "constraints": [],
  "elide_unused_requires_dist": false,
  "excluded": [],
  "locked_resolves": [
    {
      "locked_requirements": [
        {
          "artifacts": [
            {
              "algorithm": "sha256",
              "hash": "a5047733a7acc1c1cee6abf3c841c7c6fab67d2844a45a853b113fa2e6cd2654",
              "url": "https://files.pythonhosted.org/packages/03/8b/ad381ec1b8195fa4a9a693cb8087e031b99530c0d6b8ad036dcb99e144c4/grpclib-0.4.8-py3-none-any.whl"
            },
            {
              "algorithm": "sha256",
              "hash": "d8823763780ef94fed8b2c562f7485cf0bbee15fc7d065a640673667f7719c9a",
              "url": "https://files.pythonhosted.org/packages/19/75/0f0d3524b38b35e5cd07334b754aa9bd0570140ad982131b04ebfa3b0374/grpclib-0.4.8.tar.gz"
            }
          ],
          "project_name": "grpclib",
          "requires_dists": [
            "h2<5,>=3.1.0",
            "multidict",
            "protobuf>=3.20.0; extra == \"protobuf\""
          ],
          "requires_python": ">=3.8",
          "version": "0.4.8"
        },
        {
          "artifacts": [
            {
              "algorithm": "sha256",
              "hash": "c438f029a25f7945c69e0ccf0fb951dc3f73a5f6412981daee861431b70e2bdd",
              "url": "https://files.pythonhosted.org/packages/69/b2/119f6e6dcbd96f9069ce9a2665e0146588dc9f88f29549711853645e736a/h2-4.3.0-py3-none-any.whl"
            },
            {
              "algorithm": "sha256",
              "hash": "6c59efe4323fa18b47a632221a1888bd7fde6249819beda254aeca909f221bf1",
              "url": "https://files.pythonhosted.org/packages/1d/17/afa56379f94ad0fe8defd37d6eb3f89a25404ffc71d4d848893d270325fc/h2-4.3.0.tar.gz"
            }
          ],
          "project_name": "h2",
          "requires_dists": [
            "hpack<5,>=4.1",
            "hyperframe<7,>=6.1"
          ],
          "requires_python": ">=3.9",
          "version": "4.3.0"
        },
        {
          "artifacts": [
            {
              "algorithm": "sha256",
              "hash": "157ac792668d995c657d93111f46b4535ed114f0c9c8d672271bbec7eae1b496",
              "url": "https://files.pythonhosted.org/packages/07/c6/80c95b1b2b94682a72cbdbfb85b81ae2daffa4291fbfa1b1464502ede10d/hpack-4.1.0-py3-none-any.whl"
            },
            {
              "algorithm": "sha256",
              "hash": "ec5eca154f7056aa06f196a557655c5b009b382873ac8d1e66e79e87535f1dca",
              "url": "https://files.pythonhosted.org/packages/2c/48/71de9ed269fdae9c8057e5a4c0aa7402e8bb16f2c6e90b3aa53327b113f8/hpack-4.1.0.tar.gz"
            }
          ],
          "project_name": "hpack",
          "requires_dists": [],
          "requires_python": ">=3.9",
          "version": "4.1.0"
        },
        {
          "artifacts": [
            {
              "algorithm": "sha256",
              "hash": "b03380493a519fce58ea5af42e4a42317bf9bd425596f7a0835ffce80f1a42e5",
              "url": "https://files.pythonhosted.org/packages/48/30/47d0bf6072f7252e6521f3447ccfa40b421b6824517f82854703d0f5a98b/hyperframe-6.1.0-py3-none-any.whl"
            },
            {
              "algorithm": "sha256",
              "hash": "f630908a00854a7adeabd6382b43923a4c4cd4b821fcb527e6ab9e15382a3b08",
              "url": "https://files.pythonhosted.org/packages/02/e7/94f8232d4a74cc99514c13a9f995811485a6903d48e5d952771ef6322e30/hyperframe-6.1.0.tar.gz"
            }
          ],
          "project_name": "hyperframe",
          "requires_dists": [],
          "requires_python": ">=3.9",
          "version": "6.1.0"
        },
        {
          "artifacts": [
            {
              "algorithm": "sha256",
              "hash": "394fc5c42a333c9ffc3e421a4c85e08580d990e08b99f6bf35b4132114c5dcb3",
              "url": "https://files.pythonhosted.org/packages/b7/da/7d22601b625e241d4f23ef1ebff8acfc60da633c9e7e7922e24d10f592b3/multidict-6.7.0-py3-none-any.whl"
            },
            {
              "algorithm": "sha256",
              "hash": "f0e77e3c0008bc9316e662624535b88d360c3a5d3f81e15cf12c139a75250046",
              "url": "https://files.pythonhosted.org/packages/04/7a/bf6aa92065dd47f287690000b3d7d332edfccb2277634cadf6a810463c6a/multidict-6.7.0-cp310-cp310-manylinux1_i686.manylinux_2_28_i686.manylinux_2_5_i686.whl"
            },
            {
              "algorithm": "sha256",
              "hash": "4d72a9a2d885f5c208b0cb91ff2ed43636bb7e345ec839ff64708e04f69a13cc",
              "url": "https://files.pythonhosted.org/packages/05/48/3b328851193c7a4240815b71eea165b49248867bbb6153a0aee227a0bb47/multidict-6.7.0-cp310-cp310-manylinux2014_ppc64le.manylinux_2_17_ppc64le.manylinux_2_28_ppc64le.whl"
            },
            {
              "algorithm": "sha256",
              "hash": "7516c579652f6a6be0e266aec0acd0db80829ca305c3d771ed898538804c2036",
              "url": "https://files.pythonhosted.org/packages/06/c9/11ea263ad0df7dfabcad404feb3c0dd40b131bc7f232d5537f2fb1356951/multidict-6.7.0-cp313-cp313-musllinux_1_2_aarch64.whl"
            },
            {
              "algorithm": "sha256",
              "hash": "8a19cdb57cd3df4cd865849d93ee14920fb97224300c88501f16ecfa2604b4e0",
              "url": "https://files.pythonhosted.org/packages/0d/2f/919258b43bb35b99fa127435cfb2d91798eb3a943396631ef43e3720dcf4/multidict-6.7.0-cp312-cp312-musllinux_1_2_ppc64le.whl"
            },
            {
              "algorithm": "sha256",
              "hash": "123e2a72e20537add2f33a79e605f6191fba2afda4cbb876e35c1a7074298a7d",
              "url": "https://files.pythonhosted.org/packages/0d/e2/9baffdae21a76f77ef8447f1a05a96ec4bc0a24dae08767abc0a2fe680b8/multidict-6.7.0-cp312-cp312-manylinux2014_x86_64.manylinux_2_17_x86_64.manylinux_2_28_x86_64.whl"
            },
            {
              "algorithm": "sha256",
              "hash": "680878b9f3d45c31e1f730eef731f9b0bc1da456155688c6745ee84eb818e90e",
              "url": "https://files.pythonhosted.org/packages/14/1e/75fa96394478930b79d0302eaf9a6c69f34005a1a5251ac8b9c336486ec9/multidict-6.7.0-cp310-cp310-musllinux_1_2_armv7l.whl"
            },
            {
              "algorithm": "sha256",
              "hash": "c04a328260dfd5db8c39538f999f02779012268f54614902d0afc775d44e0a62",
              "url": "https://files.pythonhosted.org/packages/14/48/011cba467ea0b17ceb938315d219391d3e421dfd35928e5dbdc3f4ae76ef/multidict-6.7.0-cp312-cp312-musllinux_1_2_i686.whl"
            },
            {
              "algorithm": "sha256",
              "hash": "b3bc26a951007b1057a1c543af845f1c7e3e71cc240ed1ace7bf4484aa99196e",
              "url": "https://files.pythonhosted.org/packages/15/fe/ad407bb9e818c2b31383f6131ca19ea7e35ce93cf1310fce69f12e89de75/multidict-6.7.0-cp313-cp313-musllinux_1_2_i686.whl"
            },
            {
              "algorithm": "sha256",
              "hash": "14c9e076eede3b54c636f8ce1c9c252b5f057c62131211f0ceeec273810c9721",
              "url": "https://files.pythonhosted.org/packages/17/e4/67b5c27bd17c085a5ea8f1ec05b8a3e5cba0ca734bfcad5560fb129e70ca/multidict-6.7.0-cp311-cp311-macosx_10_9_x86_64.whl"
            },
            {
              "algorithm": "sha256",
              "hash": "803d685de7be4303b5a657b76e2f6d1240e7e0a8aa2968ad5811fa2285553a12",
              "url": "https://files.pythonhosted.org/packages/20/24/54e804ec7945b6023b340c412ce9c3f81e91b3bf5fa5ce65558740141bee/multidict-6.7.0-cp312-cp312-musllinux_1_2_armv7l.whl"
            },
            {
              "algorithm": "sha256",
              "hash": "9fb0211dfc3b51efea2f349ec92c114d7754dd62c01f81c3e32b765b70c45c9b",
              "url": "https://files.pythonhosted.org/packages/20/33/9228d76339f1ba51e3efef7da3ebd91964d3006217aae13211653193c3ff/multidict-6.7.0-cp313-cp313t-manylinux2014_armv7l.manylinux_2_17_armv7l.manylinux_2_31_armv7l.whl"
            },
            {
              "algorithm": "sha256",
              "hash": "0a13fb8e748dfc94749f622de065dd5c1def7e0d2216dba72b1d8069a389c6ff",
              "url": "https://files.pythonhosted.org/packages/23/ef/43d1c3ba205b5dec93dc97f3fba179dfa47910fc73aaaea4f7ceb41cec2a/multidict-6.7.0-cp311-cp311-musllinux_1_2_ppc64le.whl"
            },
            {
              "algorithm": "sha256",
              "hash": "e93a0617cd16998784bf4414c7e40f17a35d2350e5c6f0bd900d3a8e02bd3762",
              "url": "https://files.pythonhosted.org/packages/26/64/d5416038dbda1488daf16b676e4dbfd9674dde10a0cc8f4fc2b502d8125d/multidict-6.7.0-cp313-cp313t-musllinux_1_2_s390x.whl"
            },
            {
              "algorithm": "sha256",
              "hash": "9b2fd74c52accced7e75de26023b7dccee62511a600e62311b918ec5c168fc2a",
              "url": "https://files.pythonhosted.org/packages/31/22/a0e884d86b5242b5a74cf08e876bdf299e413016b66e55511f7a804a366e/multidict-6.7.0-cp312-cp312-musllinux_1_2_s390x.whl"
            },
            {
              "algorithm": "sha256",
              "hash": "a265acbb7bb33a3a2d626afbe756371dce0279e7b17f4f4eda406459c2b5ff1c",
              "url": "https://files.pythonhosted.org/packages/31/61/0c2d50241ada71ff61a79518db85ada85fdabfcf395d5968dae1cbda04e5/multidict-6.7.0-cp311-cp311-manylinux1_i686.manylinux_2_28_i686.manylinux_2_5_i686.whl"
            },
            {
              "algorithm": "sha256",
              "hash": "23bfeee5316266e5ee2d625df2d2c602b829435fc3a235c2ba2131495706e4a0",
              "url": "https://files.pythonhosted.org/packages/31/79/26a85991ae67efd1c0b1fc2e0c275b8a6aceeb155a68861f63f87a798f16/multidict-6.7.0-cp310-cp310-musllinux_1_2_aarch64.whl"
            },
            {
              "algorithm": "sha256",
              "hash": "4d409aa42a94c0b3fa617708ef5276dfe81012ba6753a0370fcc9d0195d0a1fc",
              "url": "https://files.pythonhosted.org/packages/34/9e/5c727587644d67b2ed479041e4b1c58e30afc011e3d45d25bbe35781217c/multidict-6.7.0-cp311-cp311-macosx_10_9_universal2.whl"
            },
            {
              "algorithm": "sha256",
              "hash": "960c60b5849b9b4f9dcc9bea6e3626143c252c74113df2c1540aebce70209b45",
              "url": "https://files.pythonhosted.org/packages/38/6f/614f09a04e6184f8824268fce4bc925e9849edfa654ddd59f0b64508c595/multidict-6.7.0-cp312-cp312-macosx_10_13_x86_64.whl"
            },
            {
              "algorithm": "sha256",
              "hash": "e2862408c99f84aa571ab462d25236ef9cb12a602ea959ba9c9009a54902fc73",
              "url": "https://files.pythonhosted.org/packages/39/3a/d0eee2898cfd9d654aea6cb8c4addc2f9756e9a7e09391cfe55541f917f7/multidict-6.7.0-cp310-cp310-manylinux2014_armv7l.manylinux_2_17_armv7l.manylinux_2_31_armv7l.whl"
            },
            {
              "algorithm": "sha256",
              "hash": "b284e319754366c1aee2267a2036248b24eeb17ecd5dc16022095e747f2f4304",
              "url": "https://files.pythonhosted.org/packages/3c/06/3f06f611087dc60d65ef775f1fb5aca7c6d61c6db4990e7cda0cef9b1651/multidict-6.7.0-cp312-cp312-musllinux_1_2_aarch64.whl"
            },
            {
              "algorithm": "sha256",
              "hash": "096f52730c3fb8ed419db2d44391932b63891b2c5ed14850a7e215c0ba9ade36",
              "url": "https://files.pythonhosted.org/packages/3c/2f/9b5564888c4e14b9af64c54acf149263721a283aaf4aa0ae89b091d5d8c1/multidict-6.7.0-cp310-cp310-musllinux_1_2_x86_64.whl"
            },
            {
              "algorithm": "sha256",
              "hash": "9cf41880c991716f3c7cec48e2f19ae4045fc9db5fc9cff27347ada24d710bb5",
              "url": "https://files.pythonhosted.org/packages/3c/b5/952c72786710a031aa204a9adf7db66d7f97a2c6573889d58b9e60fe6702/multidict-6.7.0-cp39-cp39-manylinux2014_aarch64.manylinux_2_17_aarch64.manylinux_2_28_aarch64.whl"
            },
            {
              "algorithm": "sha256",
              "hash": "4b7a9db5a870f780220e931d0002bbfd88fb53aceb6293251e2c839415c1b20e",
              "url": "https://files.pythonhosted.org/packages/3f/bb/b6c35ff175ed1a3142222b78455ee31be71a8396ed3ab5280fbe3ebe4e85/multidict-6.7.0-cp310-cp310-macosx_10_9_x86_64.whl"
            },
            {
              "algorithm": "sha256",
              "hash": "040f393368e63fb0f3330e70c26bfd336656bed925e5cbe17c9da839a6ab13ec",
              "url": "https://files.pythonhosted.org/packages/41/88/d714b86ee2c17d6e09850c70c9d310abac3d808ab49dfa16b43aba9d53fd/multidict-6.7.0-cp313-cp313-musllinux_1_2_armv7l.whl"
            },
            {
              "algorithm": "sha256",
              "hash": "3996b50c3237c4aec17459217c1e7bbdead9a22a0fcd3c365564fbd16439dde6",
              "url": "https://files.pythonhosted.org/packages/42/bd/327d91288114967f9fe90dc53de70aa3fec1b9073e46aa32c4828f771a87/multidict-6.7.0-cp39-cp39-manylinux2014_ppc64le.manylinux_2_17_ppc64le.manylinux_2_28_ppc64le.whl"
            },
            {
              "algorithm": "sha256",
              "hash": "749a72584761531d2b9467cfbdfd29487ee21124c304c4b6cb760d8777b27f9c",
              "url": "https://files.pythonhosted.org/packages/46/d1/908f896224290350721597a61a69cd19b89ad8ee0ae1f38b3f5cd12ea2ac/multidict-6.7.0-cp313-cp313t-manylinux1_i686.manylinux_2_28_i686.manylinux_2_5_i686.whl"
            },
            {
              "algorithm": "sha256",
              "hash": "0db4956f82723cc1c270de9c6e799b4c341d327762ec78ef82bb962f79cc07d8",
              "url": "https://files.pythonhosted.org/packages/4c/6d/d622322d344f1f053eae47e033b0b3f965af01212de21b10bcf91be991fb/multidict-6.7.0-cp311-cp311-manylinux2014_s390x.manylinux_2_17_s390x.manylinux_2_28_s390x.whl"
            },
            {
              "algorithm": "sha256",
              "hash": "4c09703000a9d0fa3c3404b27041e574cc7f4df4c6563873246d0e11812a94b6",
              "url": "https://files.pythonhosted.org/packages/4d/e1/866a5d77be6ea435711bef2a4291eed11032679b6b28b56b4776ab06ba3e/multidict-6.7.0-cp311-cp311-macosx_11_0_arm64.whl"
            },
            {
              "algorithm": "sha256",
              "hash": "3b29b980d0ddbecb736735ee5bef69bb2ddca56eff603c86f3f29a1128299b4f",
              "url": "https://files.pythonhosted.org/packages/50/cc/5f93e99427248c09da95b62d64b25748a5f5c98c7c2ab09825a1d6af0e15/multidict-6.7.0-cp313-cp313-manylinux2014_ppc64le.manylinux_2_17_ppc64le.manylinux_2_28_ppc64le.whl"
            },
            {
              "algorithm": "sha256",
              "hash": "4ef089f985b8c194d341eb2c24ae6e7408c9a0e2e5658699c92f497437d88c3c",
              "url": "https://files.pythonhosted.org/packages/54/0a/4349d540d4a883863191be6eb9a928846d4ec0ea007d3dcd36323bb058ac/multidict-6.7.0-cp313-cp313t-musllinux_1_2_ppc64le.whl"
            },
            {
              "algorithm": "sha256",
              "hash": "07f5594ac6d084cbb5de2df218d78baf55ef150b91f0ff8a21cc7a2e3a5a58eb",
              "url": "https://files.pythonhosted.org/packages/55/5c/3fa2d07c84df4e302060f555bbf539310980362236ad49f50eeb0a1c1eb9/multidict-6.7.0-cp313-cp313t-macosx_10_13_x86_64.whl"
            },
            {
              "algorithm": "sha256",
              "hash": "a60a4d75718a5efa473ebd5ab685786ba0c67b8381f781d1be14da49f1a2dc60",
              "url": "https://files.pythonhosted.org/packages/5d/cc/84e0585f805cbeaa9cbdaa95f9a3d6aed745b9d25700623ac89a6ecff400/multidict-6.7.0-cp313-cp313-manylinux2014_aarch64.manylinux_2_17_aarch64.manylinux_2_28_aarch64.whl"
            },
            {
              "algorithm": "sha256",
              "hash": "6843b28b0364dc605f21481c90fadb5f60d9123b442eb8a726bb74feef588a84",
              "url": "https://files.pythonhosted.org/packages/5e/4f/9c7992f245554d8b173f6f0a048ad24b3e645d883f096857ec2c0822b8bd/multidict-6.7.0-cp310-cp310-manylinux2014_x86_64.manylinux_2_17_x86_64.manylinux_2_28_x86_64.whl"
            },
            {
              "algorithm": "sha256",
              "hash": "521f33e377ff64b96c4c556b81c55d0cfffb96a11c194fd0c3f1e56f3d8dd5a4",
              "url": "https://files.pythonhosted.org/packages/5f/51/41bb950c81437b88a93e6ddfca1d8763569ae861e638442838c4375f7497/multidict-6.7.0-cp39-cp39-musllinux_1_2_x86_64.whl"
            },
            {
              "algorithm": "sha256",
              "hash": "2090d3718829d1e484706a2f525e50c892237b2bf9b17a79b059cb98cddc2f10",
              "url": "https://files.pythonhosted.org/packages/61/1a/982913957cb90406c8c94f53001abd9eafc271cb3e70ff6371590bec478e/multidict-6.7.0-cp313-cp313t-musllinux_1_2_armv7l.whl"
            },
            {
              "algorithm": "sha256",
              "hash": "39f1719f57adbb767ef592a50ae5ebb794220d1188f9ca93de471336401c34d2",
              "url": "https://files.pythonhosted.org/packages/63/1b/834ce32a0a97a3b70f86437f685f880136677ac00d8bce0027e9fd9c2db7/multidict-6.7.0-cp311-cp311-musllinux_1_2_i686.whl"
            },
            {
              "algorithm": "sha256",
              "hash": "f8e5c0031b90ca9ce555e2e8fd5c3b02a25f14989cbc310701823832c99eb687",
              "url": "https://files.pythonhosted.org/packages/69/7b/7f4f2e644b6978bf011a5fd9a5ebb7c21de3f38523b1f7897d36a1ac1311/multidict-6.7.0-cp39-cp39-manylinux1_i686.manylinux_2_28_i686.manylinux_2_5_i686.whl"
            },
            {
              "algorithm": "sha256",
              "hash": "fb287618b9c7aa3bf8d825f02d9201b2f13078a5ed3b293c8f4d953917d84d5e",
              "url": "https://files.pythonhosted.org/packages/69/f6/076120fd8bb3975f09228e288e08bff6b9f1bfd5166397c7ba284f622ab2/multidict-6.7.0-cp39-cp39-musllinux_1_2_s390x.whl"
            },
            {
              "algorithm": "sha256",
              "hash": "e3aa16de190d29a0ea1b48253c57d99a68492c8dd8948638073ab9e74dc9410b",
              "url": "https://files.pythonhosted.org/packages/6b/03/eaf95bcc2d19ead522001f6a650ef32811aa9e3624ff0ad37c445c7a588c/multidict-6.7.0-cp311-cp311-musllinux_1_2_s390x.whl"
            },
            {
              "algorithm": "sha256",
              "hash": "d874eb056410ca05fed180b6642e680373688efafc7f077b2a2f61811e873a40",
              "url": "https://files.pythonhosted.org/packages/6d/51/194e999630a656e76c2965a1590d12faa5cd528170f2abaa04423e09fe8d/multidict-6.7.0-cp39-cp39-macosx_10_9_x86_64.whl"
            },
            {
              "algorithm": "sha256",
              "hash": "b3e34f3a1b8131ba06f1a73adab24f30934d148afcd5f5de9a73565a4404384e",
              "url": "https://files.pythonhosted.org/packages/71/2f/91dbac13e0ba94669ea5119ba267c9a832f0cb65419aca75549fcf09a3dc/multidict-6.7.0-cp312-cp312-manylinux2014_aarch64.manylinux_2_17_aarch64.manylinux_2_28_aarch64.whl"
            },
            {
              "algorithm": "sha256",
              "hash": "cd240939f71c64bd658f186330603aac1a9a81bf6273f523fca63673cb7378a8",
              "url": "https://files.pythonhosted.org/packages/75/3f/e2639e80325af0b6c6febdf8e57cc07043ff15f57fa1ef808f4ccb5ac4cd/multidict-6.7.0-cp313-cp313-manylinux1_i686.manylinux_2_28_i686.manylinux_2_5_i686.whl"
            },
            {
              "algorithm": "sha256",
              "hash": "f470f68adc395e0183b92a2f4689264d1ea4b40504a24d9882c27375e6662bb9",
              "url": "https://files.pythonhosted.org/packages/75/c4/bbd633980ce6155a28ff04e6a6492dd3335858394d7bb752d8b108708558/multidict-6.7.0-cp311-cp311-manylinux2014_ppc64le.manylinux_2_17_ppc64le.manylinux_2_28_ppc64le.whl"
            },
            {
              "algorithm": "sha256",
              "hash": "9d14baca2ee12c1a64740d4531356ba50b82543017f3ad6de0deb943c5979abb",
              "url": "https://files.pythonhosted.org/packages/78/59/950818e04f91b9c2b95aab3d923d9eabd01689d0dcd889563988e9ea0fd8/multidict-6.7.0-cp311-cp311-musllinux_1_2_aarch64.whl"
            },
            {
              "algorithm": "sha256",
              "hash": "295a92a76188917c7f99cda95858c822f9e4aae5824246bba9b6b44004ddd0a6",
              "url": "https://files.pythonhosted.org/packages/7a/3d/77c79e1934cad2ee74991840f8a0110966d9599b3af95964c0cd79bb905b/multidict-6.7.0-cp311-cp311-musllinux_1_2_armv7l.whl"
            },
            {
              "algorithm": "sha256",
              "hash": "0934f3843a1860dd465d38895c17fce1f1cb37295149ab05cd1b9a03afacb2a7",
              "url": "https://files.pythonhosted.org/packages/7f/f5/013798161ca665e4a422afbc5e2d9e4070142a9ff8905e482139cd09e4d0/multidict-6.7.0-cp312-cp312-manylinux1_i686.manylinux_2_28_i686.manylinux_2_5_i686.whl"
            },
            {
              "algorithm": "sha256",
              "hash": "c6e99d9a65ca282e578dfea819cfa9c0a62b2499d8677392e09feaf305e9e6f5",
              "url": "https://files.pythonhosted.org/packages/80/1e/5492c365f222f907de1039b91f922b93fa4f764c713ee858d235495d8f50/multidict-6.7.0.tar.gz"
            },
            {
              "algorithm": "sha256",
              "hash": "29fe6740ebccba4175af1b9b87bf553e9c15cd5868ee967e010efcf94e4fd0f1",
              "url": "https://files.pythonhosted.org/packages/82/72/c53fcade0cc94dfaad583105fd92b3a783af2091eddcb41a6d5a52474000/multidict-6.7.0-cp312-cp312-manylinux2014_s390x.manylinux_2_17_s390x.manylinux_2_28_s390x.whl"
            },
            {
              "algorithm": "sha256",
              "hash": "a35c5fc61d4f51eb045061e7967cfe3123d622cd500e8868e7c0c592a09fedc4",
              "url": "https://files.pythonhosted.org/packages/87/15/9da40b9336a7c9fa606c4cf2ed80a649dffeb42b905d4f63a1d7eb17d746/multidict-6.7.0-cp312-cp312-manylinux2014_ppc64le.manylinux_2_17_ppc64le.manylinux_2_28_ppc64le.whl"
            },
            {
              "algorithm": "sha256",
              "hash": "7b022717c748dd1992a83e219587aabe45980d88969f01b316e78683e6285f64",
              "url": "https://files.pythonhosted.org/packages/8c/a4/a89abdb0229e533fb925e7c6e5c40201c2873efebc9abaf14046a4536ee6/multidict-6.7.0-cp313-cp313-musllinux_1_2_ppc64le.whl"
            },
            {
              "algorithm": "sha256",
              "hash": "9600082733859f00d79dee64effc7aef1beb26adb297416a4ad2116fd61374bd",
              "url": "https://files.pythonhosted.org/packages/8d/aa/0e2b27bd88b40a4fb8dc53dd74eecac70edaa4c1dd0707eb2164da3675b3/multidict-6.7.0-cp313-cp313-musllinux_1_2_s390x.whl"
            },
            {
              "algorithm": "sha256",
              "hash": "654030da3197d927f05a536a66186070e98765aa5142794c9904555d3a9d8fb5",
              "url": "https://files.pythonhosted.org/packages/8f/31/b2491b5fe167ca044c6eb4b8f2c9f3b8a00b24c432c365358eadac5d7625/multidict-6.7.0-cp313-cp313t-musllinux_1_2_aarch64.whl"
            },
            {
              "algorithm": "sha256",
              "hash": "363eb68a0a59bd2303216d2346e6c441ba10d36d1f9969fcb6f1ba700de7bb5c",
              "url": "https://files.pythonhosted.org/packages/90/d7/4cf84257902265c4250769ac49f4eaab81c182ee9aff8bf59d2714dbb174/multidict-6.7.0-cp39-cp39-macosx_10_9_universal2.whl"
            },
            {
              "algorithm": "sha256",
              "hash": "7ef6b61cad77091056ce0e7ce69814ef72afacb150b7ac6a3e9470def2198159",
              "url": "https://files.pythonhosted.org/packages/91/1c/eb97db117a1ebe46d457a3d235a7b9d2e6dcab174f42d1b67663dd9e5371/multidict-6.7.0-cp313-cp313-macosx_10_13_x86_64.whl"
            },
            {
              "algorithm": "sha256",
              "hash": "08325c9e5367aa379a3496aa9a022fe8837ff22e00b94db256d3a1378c76ab32",
              "url": "https://files.pythonhosted.org/packages/94/39/297a8de920f76eda343e4ce05f3b489f0ab3f9504f2576dfb37b7c08ca08/multidict-6.7.0-cp310-cp310-manylinux2014_aarch64.manylinux_2_17_aarch64.manylinux_2_28_aarch64.whl"
            },
            {
              "algorithm": "sha256",
              "hash": "f0feece2ef8ebc42ed9e2e8c78fc4aa3cf455733b507c09ef7406364c94376c6",
              "url": "https://files.pythonhosted.org/packages/9f/8c/8290c50d14e49f35e0bd4abc25e1bc7711149ca9588ab7d04f886cdf03d9/multidict-6.7.0-cp313-cp313t-musllinux_1_2_x86_64.whl"
            },
            {
              "algorithm": "sha256",
              "hash": "db99677b4457c7a5c5a949353e125ba72d62b35f74e26da141530fbb012218a7",
              "url": "https://files.pythonhosted.org/packages/a1/cc/d027d9c5a520f3321b65adea289b965e7bcbd2c34402663f482648c716ce/multidict-6.7.0-cp311-cp311-manylinux2014_armv7l.manylinux_2_17_armv7l.manylinux_2_31_armv7l.whl"
            },
            {
              "algorithm": "sha256",
              "hash": "3e56d780c238f9e1ae66a22d2adf8d16f485381878250db8d496623cd38b22bd",
              "url": "https://files.pythonhosted.org/packages/a8/9f/78f8761c2705d4c6d7516faed63c0ebdac569f6db1bef95e0d5218fdc146/multidict-6.7.0-cp311-cp311-manylinux2014_x86_64.manylinux_2_17_x86_64.manylinux_2_28_x86_64.whl"
            },
            {
              "algorithm": "sha256",
              "hash": "9f474ad5acda359c8758c8accc22032c6abe6dc87a8be2440d097785e27a9349",
              "url": "https://files.pythonhosted.org/packages/a9/63/7bdd4adc330abcca54c85728db2327130e49e52e8c3ce685cec44e0f2e9f/multidict-6.7.0-cp310-cp310-macosx_10_9_universal2.whl"
            },
            {
              "algorithm": "sha256",
              "hash": "6b4c3d199f953acd5b446bf7c0de1fe25d94e09e79086f8dc2f48a11a129cdf1",
              "url": "https://files.pythonhosted.org/packages/ab/67/8604288bbd68680eee0ab568fdcb56171d8b23a01bcd5cb0c8fedf6e5d99/multidict-6.7.0-cp313-cp313t-manylinux2014_aarch64.manylinux_2_17_aarch64.manylinux_2_28_aarch64.whl"
            },
            {
              "algorithm": "sha256",
              "hash": "51cb455de290ae462593e5b1cb1118c5c22ea7f0d3620d9940bf695cea5a4bd7",
              "url": "https://files.pythonhosted.org/packages/ac/e0/919666a4e4b57fff1b57f279be1c9316e6cdc5de8a8b525d76f6598fefc7/multidict-6.7.0-cp311-cp311-manylinux2014_aarch64.manylinux_2_17_aarch64.manylinux_2_28_aarch64.whl"
            },
            {
              "algorithm": "sha256",
              "hash": "53a42d364f323275126aff81fb67c5ca1b7a04fda0546245730a55c8c5f24bc4",
              "url": "https://files.pythonhosted.org/packages/b0/9c/ac851c107c92289acbbf5cfb485694084690c1b17e555f44952c26ddc5bd/multidict-6.7.0-cp313-cp313-manylinux2014_armv7l.manylinux_2_17_armv7l.manylinux_2_31_armv7l.whl"
            },
            {
              "algorithm": "sha256",
              "hash": "478cc36476687bac1514d651cbbaa94b86b0732fb6855c60c673794c7dd2da62",
              "url": "https://files.pythonhosted.org/packages/b1/ca/0706a98c8d126a89245413225ca4a3fefc8435014de309cf8b30acb68841/multidict-6.7.0-cp310-cp310-manylinux2014_s390x.manylinux_2_17_s390x.manylinux_2_28_s390x.whl"
            },
            {
              "algorithm": "sha256",
              "hash": "eb866162ef2f45063acc7a53a88ef6fe8bf121d45c30ea3c9cd87ce7e191a8d4",
              "url": "https://files.pythonhosted.org/packages/b2/5e/085544cb9f9c4ad2b5d97467c15f856df8d9bac410cffd5c43991a5d878b/multidict-6.7.0-cp310-cp310-musllinux_1_2_i686.whl"
            },
            {
              "algorithm": "sha256",
              "hash": "3e8bfdd0e487acf992407a140d2589fe598238eaeffa3da8448d63a63cd363f8",
              "url": "https://files.pythonhosted.org/packages/b2/e5/17e10e1b5c5f5a40f2fcbb45953c9b215f8a4098003915e46a93f5fcaa8f/multidict-6.7.0-cp312-cp312-musllinux_1_2_x86_64.whl"
            },
            {
              "algorithm": "sha256",
              "hash": "2049be98fb57a31b4ccf870bf377af2504d4ae35646a19037ec271e4c07998aa",
              "url": "https://files.pythonhosted.org/packages/b3/93/c4f67a436dd026f2e780c433277fff72be79152894d9fc36f44569cab1a6/multidict-6.7.0-cp312-cp312-macosx_11_0_arm64.whl"
            },
            {
              "algorithm": "sha256",
              "hash": "661709cdcd919a2ece2234f9bae7174e5220c80b034585d7d8a755632d3e2111",
              "url": "https://files.pythonhosted.org/packages/b5/3f/df171b6efa3239ae33b97b887e42671cd1d94d460614bfb2c30ffdab3b95/multidict-6.7.0-cp310-cp310-musllinux_1_2_s390x.whl"
            },
            {
              "algorithm": "sha256",
              "hash": "d1d964afecdf3a8288789df2f5751dc0a8261138c3768d9af117ed384e538fad",
              "url": "https://files.pythonhosted.org/packages/b6/b1/8d1a965e6637fc33de3c0d8f414485c2b7e4af00f42cab3d84e7b955c222/multidict-6.7.0-cp313-cp313t-manylinux2014_s390x.manylinux_2_17_s390x.manylinux_2_28_s390x.whl"
            },
            {
              "algorithm": "sha256",
              "hash": "df0e3bf7993bdbeca5ac25aa859cf40d39019e015c9c91809ba7093967f7a648",
              "url": "https://files.pythonhosted.org/packages/b9/c3/e9d9e2f20c9474e7a8fcef28f863c5cbd29bb5adce6b70cebe8bdad0039d/multidict-6.7.0-cp310-cp310-musllinux_1_2_ppc64le.whl"
            },
            {
              "algorithm": "sha256",
              "hash": "caf53b15b1b7df9fbd0709aa01409000a2b4dd03a5f6f5cc548183c7c8f8b63c",
              "url": "https://files.pythonhosted.org/packages/ba/0c/06b5a8adbdeedada6f4fb8d8f193d44a347223b11939b42953eeb6530b6b/multidict-6.7.0-cp313-cp313t-manylinux2014_x86_64.manylinux_2_17_x86_64.manylinux_2_28_x86_64.whl"
            },
            {
              "algorithm": "sha256",
              "hash": "9281bf5b34f59afbc6b1e477a372e9526b66ca446f4bf62592839c195a718b32",
              "url": "https://files.pythonhosted.org/packages/bb/d7/079a93625208c173b8fa756396814397c0fd9fee61ef87b75a748820b86e/multidict-6.7.0-cp39-cp39-musllinux_1_2_aarch64.whl"
            },
            {
              "algorithm": "sha256",
              "hash": "2d2cfeec3f6f45651b3d408c4acec0ebf3daa9bc8a112a084206f5db5d05b754",
              "url": "https://files.pythonhosted.org/packages/be/c0/21435d804c1a1cf7a2608593f4d19bca5bcbd7a81a70b253fdd1c12af9c0/multidict-6.7.0-cp313-cp313t-musllinux_1_2_i686.whl"
            },
            {
              "algorithm": "sha256",
              "hash": "8a3862568a36d26e650a19bb5cbbba14b71789032aebc0423f8cc5f150730184",
              "url": "https://files.pythonhosted.org/packages/c2/9e/9f61ac18d9c8b475889f32ccfa91c9f59363480613fc807b6e3023d6f60b/multidict-6.7.0-cp312-cp312-macosx_10_13_universal2.whl"
            },
            {
              "algorithm": "sha256",
              "hash": "9ff96e8815eecacc6645da76c413eb3b3d34cfca256c70b16b286a687d013c32",
              "url": "https://files.pythonhosted.org/packages/c6/2d/f0b184fa88d6630aa267680bdb8623fb69cb0d024b8c6f0d23f9a0f406d3/multidict-6.7.0-cp313-cp313-manylinux2014_x86_64.manylinux_2_17_x86_64.manylinux_2_28_x86_64.whl"
            },
            {
              "algorithm": "sha256",
              "hash": "68af405971779d8b37198726f2b6fe3955db846fee42db7a4286fc542203934c",
              "url": "https://files.pythonhosted.org/packages/c9/29/03777c2212274aa9440918d604dc9d6af0e6b4558c611c32c3dcf1a13870/multidict-6.7.0-cp39-cp39-musllinux_1_2_armv7l.whl"
            },
            {
              "algorithm": "sha256",
              "hash": "94218fcec4d72bc61df51c198d098ce2b378e0ccbac41ddbed5ef44092913288",
              "url": "https://files.pythonhosted.org/packages/d0/8e/0c67b7120d5d5f6d874ed85a085f9dc770a7f9d8813e80f44a9fec820bb7/multidict-6.7.0-cp313-cp313-musllinux_1_2_x86_64.whl"
            },
            {
              "algorithm": "sha256",
              "hash": "bee7c0588aa0076ce77c0ea5d19a68d76ad81fcd9fe8501003b9a24f9d4000f6",
              "url": "https://files.pythonhosted.org/packages/d2/86/33272a544eeb36d66e4d9a920602d1a2f57d4ebea4ef3cdfe5a912574c95/multidict-6.7.0-cp313-cp313-macosx_10_13_universal2.whl"
            },
            {
              "algorithm": "sha256",
              "hash": "3ba3ef510467abb0667421a286dc906e30eb08569365f5cdb131d7aff7c2dd84",
              "url": "https://files.pythonhosted.org/packages/d9/00/11188b68d85a84e8050ee34724d6ded19ad03975caebe0c8dcb2829b37bf/multidict-6.7.0-cp39-cp39-musllinux_1_2_i686.whl"
            },
            {
              "algorithm": "sha256",
              "hash": "b61189b29081a20c7e4e0b49b44d5d44bb0dc92be3c6d06a11cc043f81bf9329",
              "url": "https://files.pythonhosted.org/packages/df/0c/12eef6aeda21859c6cdf7d75bd5516d83be3efe3d8cc45fd1a3037f5b9dc/multidict-6.7.0-cp39-cp39-musllinux_1_2_ppc64le.whl"
            },
            {
              "algorithm": "sha256",
              "hash": "03ca744319864e92721195fa28c7a3b2bc7b686246b35e4078c1e4d0eb5466d3",
              "url": "https://files.pythonhosted.org/packages/e0/1f/064c77877c5fa6df6d346e68075c0f6998547afe952d6471b4c5f6a7345d/multidict-6.7.0-cp310-cp310-macosx_11_0_arm64.whl"
            },
            {
              "algorithm": "sha256",
              "hash": "ec81878ddf0e98817def1e77d4f50dae5ef5b0e4fe796fae3bd674304172416e",
              "url": "https://files.pythonhosted.org/packages/e3/6d/ab12e1246be4d65d1f55de1e6f6aaa9b8120eddcfdd1d290439c7833d5ce/multidict-6.7.0-cp39-cp39-manylinux2014_x86_64.manylinux_2_17_x86_64.manylinux_2_28_x86_64.whl"
            },
            {
              "algorithm": "sha256",
              "hash": "8b55d5497b51afdfde55925e04a022f1de14d4f4f25cdfd4f5d9b0aa96166851",
              "url": "https://files.pythonhosted.org/packages/e5/6b/2a195373c33068c9158e0941d0b46cfcc9c1d894ca2eb137d1128081dff0/multidict-6.7.0-cp39-cp39-macosx_11_0_arm64.whl"
            },
            {
              "algorithm": "sha256",
              "hash": "ad9ce259f50abd98a1ca0aa6e490b58c316a0fce0617f609723e40804add2c00",
              "url": "https://files.pythonhosted.org/packages/e8/68/7b3a5170a382a340147337b300b9eb25a9ddb573bcdfff19c0fa3f31ffba/multidict-6.7.0-cp313-cp313t-macosx_10_13_universal2.whl"
            },
            {
              "algorithm": "sha256",
              "hash": "a048ce45dcdaaf1defb76b2e684f997fb5abf74437b6cb7b22ddad934a964e34",
              "url": "https://files.pythonhosted.org/packages/e8/df/ec8a5fd66ea6cd6f525b1fcbb23511b033c3e9bc42b81384834ffa484a62/multidict-6.7.0-cp311-cp311-musllinux_1_2_x86_64.whl"
            },
            {
              "algorithm": "sha256",
              "hash": "f8a93b1c0ed2d04b97a5e9336fd2d33371b9a6e29ab7dd6503d63407c20ffbaf",
              "url": "https://files.pythonhosted.org/packages/ec/0c/2ec1d883ceb79c6f7f6d7ad90c919c898f5d1c6ea96d322751420211e072/multidict-6.7.0-cp313-cp313-manylinux2014_s390x.manylinux_2_17_s390x.manylinux_2_28_s390x.whl"
            },
            {
              "algorithm": "sha256",
              "hash": "efbb54e98446892590dc2458c19c10344ee9a883a79b5cec4bc34d6656e8d546",
              "url": "https://files.pythonhosted.org/packages/ef/b0/754038b26f6e04488b48ac621f779c341338d78503fb45403755af2df477/multidict-6.7.0-cp312-cp312-manylinux2014_armv7l.manylinux_2_17_armv7l.manylinux_2_31_armv7l.whl"
            },
            {
              "algorithm": "sha256",
              "hash": "9c0359b1ec12b1d6849c59f9d319610b7f20ef990a6d454ab151aa0e3b9f78ca",
              "url": "https://files.pythonhosted.org/packages/f1/d8/6c3442322e41fb1dd4de8bd67bfd11cd72352ac131f6368315617de752f1/multidict-6.7.0-cp313-cp313-macosx_11_0_arm64.whl"
            },
            {
              "algorithm": "sha256",
              "hash": "8cfc12a8630a29d601f48d47787bd7eb730e475e83edb5d6c5084317463373eb",
              "url": "https://files.pythonhosted.org/packages/f3/ef/109fe1f2471e4c458c74242c7e4a833f2d9fc8a6813cd7ee345b0bad18f9/multidict-6.7.0-cp39-cp39-manylinux2014_armv7l.manylinux_2_17_armv7l.manylinux_2_31_armv7l.whl"
            },
            {
              "algorithm": "sha256",
              "hash": "7f5170993a0dd3ab871c74f45c0a21a4e2c37a2f2b01b5f722a2ad9c6650469e",
              "url": "https://files.pythonhosted.org/packages/f4/13/a8b078ebbaceb7819fd28cd004413c33b98f1b70d542a62e6a00b74fb09f/multidict-6.7.0-cp39-cp39-manylinux2014_s390x.manylinux_2_17_s390x.manylinux_2_28_s390x.whl"
            },
            {
              "algorithm": "sha256",
              "hash": "a027ec240fe73a8d6281872690b988eed307cd7d91b23998ff35ff577ca688b5",
              "url": "https://files.pythonhosted.org/packages/f8/2d/25d9b566d10cab1c42b3b9e5b11ef79c9111eaf4463b8c257a3bd89e0ead/multidict-6.7.0-cp313-cp313t-manylinux2014_ppc64le.manylinux_2_17_ppc64le.manylinux_2_28_ppc64le.whl"
            },
            {
              "algorithm": "sha256",
              "hash": "0591b48acf279821a579282444814a2d8d0af624ae0bc600aa4d1b920b6e924b",
              "url": "https://files.pythonhosted.org/packages/fc/56/67212d33239797f9bd91962bb899d72bb0f4c35a8652dcdb8ed049bef878/multidict-6.7.0-cp313-cp313t-macosx_11_0_arm64.whl"
            }
          ],
          "project_name": "multidict",
          "requires_dists": [
            "typing-extensions>=4.1.0; python_version < \"3.11\""
          ],
          "requires_python": ">=3.9",
          "version": "6.7.0"
        },
        {
          "artifacts": [
            {
              "algorithm": "sha256",
              "hash": "25c9e1963c6734448ea2d308cfa610e692b801304ba0908d7bfa564ac5132995",
              "url": "https://files.pythonhosted.org/packages/07/d1/0a28c21707807c6aacd5dc9c3704b2aa1effbf37adebd8caeaf68b17a636/protobuf-6.33.0-py3-none-any.whl"
            },
            {
              "algorithm": "sha256",
              "hash": "e0697ece353e6239b90ee43a9231318302ad8353c70e6e45499fa52396debf90",
              "url": "https://files.pythonhosted.org/packages/10/35/16d31e0f92c6d2f0e77c2a3ba93185130ea13053dd16200a57434c882f2b/protobuf-6.33.0-cp39-abi3-manylinux2014_aarch64.whl"
            },
            {
              "algorithm": "sha256",
              "hash": "140303d5c8d2037730c548f8c7b93b20bb1dc301be280c378b82b8894589c954",
              "url": "https://files.pythonhosted.org/packages/19/ff/64a6c8f420818bb873713988ca5492cba3a7946be57e027ac63495157d97/protobuf-6.33.0.tar.gz"
            },
            {
              "algorithm": "sha256",
              "hash": "35be49fd3f4fefa4e6e2aacc35e8b837d6703c37a2168a55ac21e9b1bc7559ef",
              "url": "https://files.pythonhosted.org/packages/21/51/0b1cbad62074439b867b4e04cc09b93f6699d78fd191bed2bbb44562e077/protobuf-6.33.0-cp39-abi3-manylinux2014_x86_64.whl"
            },
            {
              "algorithm": "sha256",
              "hash": "905b07a65f1a4b72412314082c7dbfae91a9e8b68a0cc1577515f8df58ecf455",
              "url": "https://files.pythonhosted.org/packages/e1/a9/b6eee662a6951b9c3640e8e452ab3e09f117d99fc10baa32d1581a0d4099/protobuf-6.33.0-cp39-abi3-macosx_10_9_universal2.whl"
            },
            {
              "algorithm": "sha256",
              "hash": "e0a1715e4f27355afd9570f3ea369735afc853a6c3951a6afe1f80d8569ad298",
              "url": "https://files.pythonhosted.org/packages/e6/eb/2a981a13e35cda8b75b5585aaffae2eb904f8f351bdd3870769692acbd8a/protobuf-6.33.0-cp39-abi3-manylinux2014_s390x.whl"
            }
          ],
          "project_name": "protobuf",
          "requires_dists": [],
          "requires_python": ">=3.9",
          "version": "6.33.0"
        },
        {
          "artifacts": [
            {
              "algorithm": "sha256",
              "hash": "f0fa19c6845758ab08074a0cfa8b7aecb71c999ca73d62883bc25cc018c4e548",
              "url": "https://files.pythonhosted.org/packages/18/67/36e9267722cc04a6b9f15c7f3441c2363321a3ea07da7ae0c0707beb2a9c/typing_extensions-4.15.0-py3-none-any.whl"
            },
            {
              "algorithm": "sha256",
              "hash": "0cea48d173cc12fa28ecabc3b837ea3cf6f38c6d1136f85cbaaf598984861466",
              "url": "https://files.pythonhosted.org/packages/72/94/1a15dd82efb362ac84269196e94cf00f187f7ed21c242792a923cdb1c61f/typing_extensions-4.15.0.tar.gz"
            }
          ],
          "project_name": "typing-extensions",
          "requires_dists": [],
          "requires_python": ">=3.9",
          "version": "4.15.0"
        }
      ],
      "marker": null,
      "platform_tag": null
    }
  ],
  "only_builds": [],
  "only_wheels": [],
  "overridden": [],
  "path_mappings": {},
  "pex_version": "2.66.0",
  "pip_version": "25.3",
  "prefer_older_binary": false,
  "requirements": [
    "grpclib[protobuf]<1,>=0.4"
  ],
  "requires_python": [
    "CPython<3.14,>=3.9"
  ],
  "resolver_version": "pip-2020-resolver",
  "style": "universal",
  "target_systems": [
    "linux",
    "mac"
  ],
  "transitive": true,
  "use_pep517": null,
  "use_system_time": false
}
