// This lockfile was autogenerated by Pants. To regenerate, run:
//
//    ./pants run build-support/bin/generate_builtin_lockfiles.py
//
// --- BEGIN PANTS LOCKFILE METADATA: DO NOT EDIT OR REMOVE ---
// {
//   "version": 3,
//   "valid_for_interpreter_constraints": [
//     "CPython<4,>=3.8"
//   ],
//   "generated_with_requirements": [
//     "mypy-protobuf<4,>=3.4.0"
//   ],
//   "manylinux": "manylinux2014",
//   "requirement_constraints": [],
//   "only_binary": [],
//   "no_binary": []
// }
// --- END PANTS LOCKFILE METADATA ---

{
  "allow_builds": true,
  "allow_prereleases": false,
  "allow_wheels": true,
  "build_isolation": true,
  "constraints": [],
  "excluded": [],
  "locked_resolves": [
    {
      "locked_requirements": [
        {
          "artifacts": [
            {
              "algorithm": "sha256",
              "hash": "56176e4d569070e7350ea620262478b49b7efceba4103d468448f1d21492fd6c",
              "url": "https://files.pythonhosted.org/packages/e8/73/d6b999782ae22f16971cc05378b3b33f6a89ede3b9619e8366aa23484bca/mypy_protobuf-3.6.0-py3-none-any.whl"
            },
            {
              "algorithm": "sha256",
              "hash": "02f242eb3409f66889f2b1a3aa58356ec4d909cdd0f93115622e9e70366eca3c",
              "url": "https://files.pythonhosted.org/packages/4d/6f/282d64d66bf48ce60e38a6560753f784e0f88ab245ac2fb5e93f701a36cd/mypy-protobuf-3.6.0.tar.gz"
            }
          ],
          "project_name": "mypy-protobuf",
          "requires_dists": [
            "protobuf>=4.25.3",
            "types-protobuf>=4.24"
          ],
          "requires_python": ">=3.8",
          "version": "3.6.0"
        },
        {
          "artifacts": [
            {
              "algorithm": "sha256",
              "hash": "510ed78cd0980f6d3218099e874714cdf0d8a95582e7b059b06cabad855ed0a0",
              "url": "https://files.pythonhosted.org/packages/e3/b2/4df9958122a0377e571972c71692420bafd623d1df3ce506d88c2aba7e12/protobuf-5.28.0-py3-none-any.whl"
            },
            {
              "algorithm": "sha256",
              "hash": "6206afcb2d90181ae8722798dcb56dc76675ab67458ac24c0dd7d75d632ac9bd",
              "url": "https://files.pythonhosted.org/packages/19/15/da43113361db20f2d521bc38d92549edbe06856aeec085c420b2b8af5751/protobuf-5.28.0-cp38-abi3-manylinux2014_x86_64.whl"
            },
            {
              "algorithm": "sha256",
              "hash": "dde74af0fa774fa98892209992295adbfb91da3fa98c8f67a88afe8f5a349add",
              "url": "https://files.pythonhosted.org/packages/5f/d7/331ee1f3b798c34d2257c79d5426ecbe95d46d2b40ba808a29da6947f6d8/protobuf-5.28.0.tar.gz"
            },
            {
              "algorithm": "sha256",
              "hash": "532627e8fdd825cf8767a2d2b94d77e874d5ddb0adefb04b237f7cc296748681",
              "url": "https://files.pythonhosted.org/packages/ce/ec/34f67d6a3398aa360524d90f75a8c648c99c807b2f1001f5ab16355c1d12/protobuf-5.28.0-cp38-abi3-macosx_10_9_universal2.whl"
            },
            {
              "algorithm": "sha256",
              "hash": "018db9056b9d75eb93d12a9d35120f97a84d9a919bcab11ed56ad2d399d6e8dd",
              "url": "https://files.pythonhosted.org/packages/fe/79/636415c84eed9835fed83183db73fd6ea7ba76a85cae321ff2eaad722e85/protobuf-5.28.0-cp38-abi3-manylinux2014_aarch64.whl"
            }
          ],
          "project_name": "protobuf",
          "requires_dists": [],
          "requires_python": ">=3.8",
          "version": "5.28.0"
        },
        {
          "artifacts": [
            {
              "algorithm": "sha256",
              "hash": "5443270534cc8072909ef7ad9e1421ccff924ca658749a6396c0c43d64c32676",
              "url": "https://files.pythonhosted.org/packages/83/70/662da75848820489f6036dc17d301183486cdabde3bdbd6f7af35dca769f/types_protobuf-5.27.0.20240907-py3-none-any.whl"
            },
            {
              "algorithm": "sha256",
              "hash": "bb6f90f66b18d4d1c75667b6586334b0573a6fcee5eb0142a7348a765a7cbadc",
              "url": "https://files.pythonhosted.org/packages/5b/60/582d6d12060973a2ed3153d653bf13acd72c5b9eb20a3b380263497d0e11/types-protobuf-5.27.0.20240907.tar.gz"
            }
          ],
          "project_name": "types-protobuf",
          "requires_dists": [],
          "requires_python": ">=3.8",
          "version": "5.27.0.20240907"
        }
      ],
      "platform_tag": null
    }
  ],
  "only_builds": [],
  "only_wheels": [],
  "overridden": [],
  "path_mappings": {},
  "pex_version": "2.16.2",
  "pip_version": "24.2",
  "prefer_older_binary": false,
  "requirements": [
    "mypy-protobuf<4,>=3.4.0"
  ],
  "requires_python": [
    "<4,>=3.8"
  ],
  "resolver_version": "pip-2020-resolver",
  "style": "universal",
  "target_systems": [
    "linux",
    "mac"
  ],
  "transitive": true,
  "use_pep517": null
}
