// This lockfile was autogenerated by Pants. To regenerate, run:
//
//    build-support/bin/generate_all_lockfiles.sh
//
// --- BEGIN PANTS LOCKFILE METADATA: DO NOT EDIT OR REMOVE ---
// {
//   "version": 2,
//   "valid_for_interpreter_constraints": [
//     "CPython<4,>=3.7"
//   ],
//   "generated_with_requirements": [
//     "mypy-protobuf==2.10"
//   ]
// }
// --- END PANTS LOCKFILE METADATA ---

{
  "allow_builds": true,
  "allow_prereleases": false,
  "allow_wheels": true,
  "build_isolation": true,
  "constraints": [],
  "locked_resolves": [
    {
      "locked_requirements": [
        {
          "artifacts": [
            {
              "algorithm": "sha256",
              "hash": "8f85a7e12908ca2f59bdacb59f81bd64fd40b946a22844a748fbaf9e1e82d3cd",
              "url": "https://files.pythonhosted.org/packages/5e/d6/17ab2cde2f0fcfa05bc3f63e47efe0b282c1cffb534c27eaea737d9089ec/mypy_protobuf-2.10-py3-none-any.whl"
            },
            {
              "algorithm": "sha256",
              "hash": "1fed214e16351b09946770794a321a818abb744078b1d863a479da070028684c",
              "url": "https://files.pythonhosted.org/packages/49/f7/ecb04f1f59b27a0cf213e99987b4760bb4c12a51090d2ff9dd88356b96d4/mypy-protobuf-2.10.tar.gz"
            }
          ],
          "project_name": "mypy-protobuf",
          "requires_dists": [
            "protobuf>=3.17.3",
            "types-protobuf>=3.17.4"
          ],
          "requires_python": ">=3.6",
          "version": "2.10"
        },
        {
          "artifacts": [
            {
              "algorithm": "sha256",
              "hash": "8961c3a78ebfcd000920c9060a262f082f29838682b1f7201889300c1fbe0616",
              "url": "https://files.pythonhosted.org/packages/c6/1c/f18d97fc479b4fb6f72bbb0e41188575362e3bbd31014cf294ef0fdec8bf/protobuf-3.19.4-py2.py3-none-any.whl"
            },
            {
              "algorithm": "sha256",
              "hash": "09297b7972da685ce269ec52af761743714996b4381c085205914c41fcab59fb",
              "url": "https://files.pythonhosted.org/packages/00/ce/0aaa1f5216344e6011eee96d97cb40d9742dd656d4697b70a4a4cc8db58e/protobuf-3.19.4-cp310-cp310-manylinux2014_aarch64.whl"
            },
            {
              "algorithm": "sha256",
              "hash": "435bb78b37fc386f9275a7035fe4fb1364484e38980d0dd91bc834a02c5ec909",
              "url": "https://files.pythonhosted.org/packages/03/6b/12b307892ef5e9f4a1a92f5996922561c453540f5ce22a09038d2486b451/protobuf-3.19.4-cp37-cp37m-manylinux_2_17_x86_64.manylinux2014_x86_64.whl"
            },
            {
              "algorithm": "sha256",
              "hash": "7ca7da9c339ca8890d66958f5462beabd611eca6c958691a8fe6eccbd1eb0c6e",
              "url": "https://files.pythonhosted.org/packages/11/8f/3703b61ee707fbd9ea683d1642392af41338b8cd71d7fda76fc002a7e939/protobuf-3.19.4-cp38-cp38-win_amd64.whl"
            },
            {
              "algorithm": "sha256",
              "hash": "96bd766831596d6014ca88d86dc8fe0fb2e428c0b02432fd9db3943202bf8c5e",
              "url": "https://files.pythonhosted.org/packages/17/20/0c27a03944080478318bdda28356e26e35037170958462e47ee5541806cf/protobuf-3.19.4-cp39-cp39-manylinux_2_17_x86_64.manylinux2014_x86_64.whl"
            },
            {
              "algorithm": "sha256",
              "hash": "6cbc312be5e71869d9d5ea25147cdf652a6781cf4d906497ca7690b7b9b5df13",
              "url": "https://files.pythonhosted.org/packages/17/76/05be12cd81c7c3020acab58c641de975a3bad494d7bb818886c9c3863619/protobuf-3.19.4-cp37-cp37m-macosx_10_9_x86_64.whl"
            },
            {
              "algorithm": "sha256",
              "hash": "84123274d982b9e248a143dadd1b9815049f4477dc783bf84efe6250eb4b836a",
              "url": "https://files.pythonhosted.org/packages/1b/8e/191a2c3c3e58bb9c73cd58138b088a44aafbeb6184d2f26ef7cc0dc048a4/protobuf-3.19.4-cp39-cp39-win32.whl"
            },
            {
              "algorithm": "sha256",
              "hash": "48ed3877fa43e22bcacc852ca76d4775741f9709dd9575881a373bd3e85e54b2",
              "url": "https://files.pythonhosted.org/packages/2a/b8/c8282a5ccabc8aa6b4478f38da26d711458638a56b1790008783ad588792/protobuf-3.19.4-cp38-cp38-manylinux2014_aarch64.whl"
            },
            {
              "algorithm": "sha256",
              "hash": "69da7d39e39942bd52848438462674c463e23963a1fdaa84d88df7fbd7e749b2",
              "url": "https://files.pythonhosted.org/packages/34/af/4b3cdb20ac3ee72ad9ed528c8653dbd1cee029f23e44209def0703119270/protobuf-3.19.4-cp38-cp38-macosx_10_9_x86_64.whl"
            },
            {
              "algorithm": "sha256",
              "hash": "b38057450a0c566cbd04890a40edf916db890f2818e8682221611d78dc32ae26",
              "url": "https://files.pythonhosted.org/packages/5c/71/f54505f67e12ddfa96adce2ac889206ab218c5671a933429a56ae63d156f/protobuf-3.19.4-cp38-cp38-win32.whl"
            },
            {
              "algorithm": "sha256",
              "hash": "9df0c10adf3e83015ced42a9a7bd64e13d06c4cf45c340d2c63020ea04499d0a",
              "url": "https://files.pythonhosted.org/packages/6c/49/f864b9fd6310d9a15ddae5b37d78dff1df0e2e1da476442fee062c6032b2/protobuf-3.19.4.tar.gz"
            },
            {
              "algorithm": "sha256",
              "hash": "54a1473077f3b616779ce31f477351a45b4fef8c9fd7892d6d87e287a38df368",
              "url": "https://files.pythonhosted.org/packages/71/8e/95bdb0c1d3a3cdc1fe73b37593c3c52122592c85258caff488332ed45fec/protobuf-3.19.4-cp37-cp37m-manylinux2014_aarch64.whl"
            },
            {
              "algorithm": "sha256",
              "hash": "072fbc78d705d3edc7ccac58a62c4c8e0cec856987da7df8aca86e647be4e35c",
              "url": "https://files.pythonhosted.org/packages/80/e5/a5e2c5a2e39663085e228a4a135e91d500ffd3e215bd26e5d6b44ebc7a9e/protobuf-3.19.4-cp310-cp310-manylinux_2_17_x86_64.manylinux2014_x86_64.whl"
            },
            {
              "algorithm": "sha256",
              "hash": "c1068287025f8ea025103e37d62ffd63fec8e9e636246b89c341aeda8a67c934",
              "url": "https://files.pythonhosted.org/packages/85/50/d09b72958363b3a3dc74742e68f904ea2caa9b84efa8e8443423dfa2c1ab/protobuf-3.19.4-cp39-cp39-manylinux2014_aarch64.whl"
            },
            {
              "algorithm": "sha256",
              "hash": "36cecbabbda242915529b8ff364f2263cd4de7c46bbe361418b5ed859677ba58",
              "url": "https://files.pythonhosted.org/packages/93/c3/74ef6aec31eadfe54c1b5351d7dd59cb49e19e6d56ffd52b9f8e9589f911/protobuf-3.19.4-cp39-cp39-macosx_10_9_x86_64.whl"
            },
            {
              "algorithm": "sha256",
              "hash": "7bb03bc2873a2842e5ebb4801f5c7ff1bfbdf426f85d0172f7644fcda0671ae0",
              "url": "https://files.pythonhosted.org/packages/a8/61/5166d888d56266074efe3aed6efd8220b2d4da1cdb4d1672a0480aaca434/protobuf-3.19.4-cp310-cp310-win32.whl"
            },
            {
              "algorithm": "sha256",
              "hash": "f358aa33e03b7a84e0d91270a4d4d8f5df6921abe99a377828839e8ed0c04e07",
              "url": "https://files.pythonhosted.org/packages/aa/c7/7257ebd5d488e044c803f83a86cf547ff4370e0bbe2a52e67810bbd732a2/protobuf-3.19.4-cp310-cp310-win_amd64.whl"
            },
            {
              "algorithm": "sha256",
              "hash": "cdc076c03381f5c1d9bb1abdcc5503d9ca8b53cf0a9d31a9f6754ec9e6c8af0f",
              "url": "https://files.pythonhosted.org/packages/b3/41/5e2dfb15fdae38be5dd62be30f9fd40c57e50bd56ee2c276f6230c57a3ad/protobuf-3.19.4-cp37-cp37m-win_amd64.whl"
            },
            {
              "algorithm": "sha256",
              "hash": "16f519de1313f1b7139ad70772e7db515b1420d208cb16c6d7858ea989fc64a9",
              "url": "https://files.pythonhosted.org/packages/c7/06/caff685febe43468c69b158d848db4e66be527c66cfb3f05d69f806340b3/protobuf-3.19.4-cp37-cp37m-win32.whl"
            },
            {
              "algorithm": "sha256",
              "hash": "f51d5a9f137f7a2cec2d326a74b6e3fc79d635d69ffe1b036d39fc7d75430d37",
              "url": "https://files.pythonhosted.org/packages/cf/73/37e7222e36a2c1863994cbb7f5bd80f95886d26e90e617b92a92b69f8997/protobuf-3.19.4-cp310-cp310-macosx_10_9_universal2.whl"
            },
            {
              "algorithm": "sha256",
              "hash": "bd95d1dfb9c4f4563e6093a9aa19d9c186bf98fa54da5252531cc0d3a07977e7",
              "url": "https://files.pythonhosted.org/packages/d5/c8/64de54ef0121a1ff6309f102124c6b5a89260dc584e1871341f5199b7b85/protobuf-3.19.4-cp38-cp38-manylinux_2_17_x86_64.manylinux2014_x86_64.whl"
            },
            {
              "algorithm": "sha256",
              "hash": "3112b58aac3bac9c8be2b60a9daf6b558ca3f7681c130dcdd788ade7c9ffbdca",
              "url": "https://files.pythonhosted.org/packages/ef/09/d36ab17b165f3bd942c44c025a19d92d20b25ef550c457d1fe8a65b71fa7/protobuf-3.19.4-cp39-cp39-win_amd64.whl"
            }
          ],
          "project_name": "protobuf",
          "requires_dists": [],
          "requires_python": ">=3.5",
          "version": "3.19.4"
        },
        {
          "artifacts": [
            {
              "algorithm": "sha256",
              "hash": "130bf00e688ae9376682ac8f3d6610be797d8a6072f102f530ca1d579b52e54b",
              "url": "https://files.pythonhosted.org/packages/92/30/b773dd869c4e63f14927175cde8db920d77a5d0aef78804ba28c5bdde248/types_protobuf-3.19.12-py3-none-any.whl"
            },
            {
              "algorithm": "sha256",
              "hash": "b022247347471219acbe2fe68d2f3623d788252e99e9b97358b7ab904d268a78",
              "url": "https://files.pythonhosted.org/packages/d1/6c/2811555777115b572bf11a4d70a17c7250850e60dc0fc8776f27f130e552/types-protobuf-3.19.12.tar.gz"
            }
          ],
          "project_name": "types-protobuf",
          "requires_dists": [],
          "requires_python": null,
          "version": "3.19.12"
        }
      ],
      "platform_tag": [
        "cp39",
        "cp39",
        "macosx_11_0_arm64"
      ]
    }
  ],
  "pex_version": "2.1.72",
  "prefer_older_binary": false,
  "requirements": [
    "mypy-protobuf==2.10"
  ],
  "requires_python": [
    "<4,>=3.7"
  ],
  "resolver_version": "pip-2020-resolver",
  "style": "universal",
  "transitive": true,
  "use_pep517": null
}