// This lockfile was autogenerated by Pants. To regenerate, run:
//
//    ./pants run build-support/bin/generate_builtin_lockfiles.py"
//
// --- BEGIN PANTS LOCKFILE METADATA: DO NOT EDIT OR REMOVE ---
// {
//   "version": 3,
//   "valid_for_interpreter_constraints": [
//     "CPython>=3.7"
//   ],
//   "generated_with_requirements": [
//     "debugpy<1.7,>=1.6.5"
//   ],
//   "manylinux": "manylinux2014",
//   "requirement_constraints": [],
//   "only_binary": [],
//   "no_binary": []
// }
// --- END PANTS LOCKFILE METADATA ---

{
  "allow_builds": true,
  "allow_prereleases": false,
  "allow_wheels": true,
  "build_isolation": true,
  "constraints": [],
  "locked_resolves": [
    {
      "locked_requirements": [
        {
          "artifacts": [
            {
              "algorithm": "sha256",
              "hash": "be596b44448aac14eb3614248c91586e2bc1728e020e82ef3197189aae556115",
              "url": "https://files.pythonhosted.org/packages/f9/35/325e53d2a75b28777c28e790f84ea1ee45e1ecc00ae76550a53872a541f9/debugpy-1.6.6-py2.py3-none-any.whl"
            },
            {
              "algorithm": "sha256",
              "hash": "9b5d1b13d7c7bf5d7cf700e33c0b8ddb7baf030fcf502f76fc061ddd9405d16c",
              "url": "https://files.pythonhosted.org/packages/02/2a/ce810a4aa646a1815da8df938d9a3476b5920059c5b6076c598dce255147/debugpy-1.6.6-cp38-cp38-manylinux_2_17_x86_64.manylinux2014_x86_64.whl"
            },
            {
              "algorithm": "sha256",
              "hash": "23363e6d2a04d726bbc1400bd4e9898d54419b36b2cdf7020e3e215e1dcd0f8e",
              "url": "https://files.pythonhosted.org/packages/0e/79/6995198851451c0b6be67244d51e33f032d3c2be0e9d941334d3551e3785/debugpy-1.6.6-cp38-cp38-macosx_10_15_x86_64.whl"
            },
            {
              "algorithm": "sha256",
              "hash": "dff595686178b0e75580c24d316aa45a8f4d56e2418063865c114eef651a982e",
              "url": "https://files.pythonhosted.org/packages/1f/19/345c21f6b62acf556c39e4358a22b0ad868fecb462c1041c13513d229b33/debugpy-1.6.6-cp310-cp310-manylinux_2_17_x86_64.manylinux2014_x86_64.whl"
            },
            {
              "algorithm": "sha256",
              "hash": "23c29e40e39ad7d869d408ded414f6d46d82f8a93b5857ac3ac1e915893139ca",
              "url": "https://files.pythonhosted.org/packages/23/93/e2d0ca3e60ad679d5f258d972cce1403cd0bbbd8be6fa5292ef0d229eb3d/debugpy-1.6.6-cp37-cp37m-manylinux_2_17_x86_64.manylinux2014_x86_64.whl"
            },
            {
              "algorithm": "sha256",
              "hash": "0ea1011e94416e90fb3598cc3ef5e08b0a4dd6ce6b9b33ccd436c1dffc8cd664",
              "url": "https://files.pythonhosted.org/packages/c6/fe/1b1bb61a51c2dd83660c4f3ac685534a65197354be9abe6862c21f38d846/debugpy-1.6.6-cp310-cp310-macosx_11_0_x86_64.whl"
            },
            {
              "algorithm": "sha256",
              "hash": "b9c2130e1c632540fbf9c2c88341493797ddf58016e7cba02e311de9b0a96b67",
              "url": "https://files.pythonhosted.org/packages/d5/b4/dee6aae40c3ff7a4c3b27f1611f64ab8570a07add5f82321414d9ced4fec/debugpy-1.6.6.zip"
            },
            {
              "algorithm": "sha256",
              "hash": "a771739902b1ae22a120dbbb6bd91b2cae6696c0e318b5007c5348519a4211c6",
              "url": "https://files.pythonhosted.org/packages/ec/6c/5e761f39e804afbe608c4cb62e1cddbfb2496ebca55a5cc916d8abc8bd60/debugpy-1.6.6-cp39-cp39-manylinux_2_17_x86_64.manylinux2014_x86_64.whl"
            },
            {
              "algorithm": "sha256",
              "hash": "78739f77c58048ec006e2b3eb2e0cd5a06d5f48c915e2fc7911a337354508110",
              "url": "https://files.pythonhosted.org/packages/f4/99/b65528ecd9507241c0f49dad313e711d03277ce923aa2de13a93d106cc29/debugpy-1.6.6-cp37-cp37m-macosx_10_15_x86_64.whl"
            }
          ],
          "project_name": "debugpy",
          "requires_dists": [],
          "requires_python": ">=3.7",
          "version": "1.6.6"
        }
      ],
      "platform_tag": null
    }
  ],
  "path_mappings": {},
  "pex_version": "2.1.126",
  "pip_version": "23.0.1",
  "prefer_older_binary": false,
  "requirements": [
    "debugpy<1.7,>=1.6.5"
  ],
  "requires_python": [
    ">=3.7"
  ],
  "resolver_version": "pip-2020-resolver",
  "style": "universal",
  "target_systems": [
    "linux",
    "mac"
  ],
  "transitive": true,
  "use_pep517": null
}
