// This lockfile was autogenerated by Pants. To regenerate, run:
//
//    ./pants run build-support/bin/generate_builtin_lockfiles.py"
//
// --- BEGIN PANTS LOCKFILE METADATA: DO NOT EDIT OR REMOVE ---
// {
//   "version": 3,
//   "valid_for_interpreter_constraints": [
//     "CPython<4,>=3.7"
//   ],
//   "generated_with_requirements": [
//     "setuptools-scm==7.1.0"
//   ],
//   "manylinux": "manylinux2014",
//   "requirement_constraints": [],
//   "only_binary": [],
//   "no_binary": []
// }
// --- END PANTS LOCKFILE METADATA ---

{
  "allow_builds": true,
  "allow_prereleases": false,
  "allow_wheels": true,
  "build_isolation": true,
  "constraints": [],
  "locked_resolves": [
    {
      "locked_requirements": [
        {
          "artifacts": [
            {
              "algorithm": "sha256",
              "hash": "7efb448ec9a5e313a57655d35aa54cd3e01b7e1fbcf72dce1bf06119420f5bad",
              "url": "https://files.pythonhosted.org/packages/26/a7/9da7d5b23fc98ab3d424ac2c65613d63c1f401efb84ad50f2fa27b2caab4/importlib_metadata-6.0.0-py3-none-any.whl"
            },
            {
              "algorithm": "sha256",
              "hash": "e354bedeb60efa6affdcc8ae121b73544a7aa74156d047311948f6d711cd378d",
              "url": "https://files.pythonhosted.org/packages/90/07/6397ad02d31bddf1841c9ad3ec30a693a3ff208e09c2ef45c9a8a5f85156/importlib_metadata-6.0.0.tar.gz"
            }
          ],
          "project_name": "importlib-metadata",
          "requires_dists": [
            "flake8<5; extra == \"testing\"",
            "flufl.flake8; extra == \"testing\"",
            "furo; extra == \"docs\"",
            "importlib-resources>=1.3; python_version < \"3.9\" and extra == \"testing\"",
            "ipython; extra == \"perf\"",
            "jaraco.packaging>=9; extra == \"docs\"",
            "jaraco.tidelift>=1.4; extra == \"docs\"",
            "packaging; extra == \"testing\"",
            "pyfakefs; extra == \"testing\"",
            "pytest-black>=0.3.7; platform_python_implementation != \"PyPy\" and extra == \"testing\"",
            "pytest-checkdocs>=2.4; extra == \"testing\"",
            "pytest-cov; extra == \"testing\"",
            "pytest-enabler>=1.3; extra == \"testing\"",
            "pytest-flake8; python_version < \"3.12\" and extra == \"testing\"",
            "pytest-mypy>=0.9.1; platform_python_implementation != \"PyPy\" and extra == \"testing\"",
            "pytest-perf>=0.9.2; extra == \"testing\"",
            "pytest>=6; extra == \"testing\"",
            "rst.linker>=1.9; extra == \"docs\"",
            "sphinx-lint; extra == \"docs\"",
            "sphinx>=3.5; extra == \"docs\"",
            "typing-extensions>=3.6.4; python_version < \"3.8\"",
            "zipp>=0.5"
          ],
          "requires_python": ">=3.7",
          "version": "6.0.0"
        },
        {
          "artifacts": [
            {
              "algorithm": "sha256",
              "hash": "714ac14496c3e68c99c29b00845f7a2b85f3bb6f1078fd9f72fd20f0570002b2",
              "url": "https://files.pythonhosted.org/packages/ed/35/a31aed2993e398f6b09a790a181a7927eb14610ee8bbf02dc14d31677f1c/packaging-23.0-py3-none-any.whl"
            },
            {
              "algorithm": "sha256",
              "hash": "b6ad297f8907de0fa2fe1ccbd26fdaf387f5f47c7275fedf8cce89f99446cf97",
              "url": "https://files.pythonhosted.org/packages/47/d5/aca8ff6f49aa5565df1c826e7bf5e85a6df852ee063600c1efa5b932968c/packaging-23.0.tar.gz"
            }
          ],
          "project_name": "packaging",
          "requires_dists": [],
          "requires_python": ">=3.7",
          "version": "23.0"
        },
        {
          "artifacts": [
            {
              "algorithm": "sha256",
              "hash": "1c39d42bda4cb89f7fdcad52b6762e3c309ec8f8715b27c684176b7d71283242",
              "url": "https://files.pythonhosted.org/packages/99/02/d6ac140d446e939959e80b7e0c55774fa7a22376847ff5fe191674fd1862/setuptools-67.5.1-py3-none-any.whl"
            },
            {
              "algorithm": "sha256",
              "hash": "15136a251127da2d2e77ac7a1bc231eb504654f7e3346d93613a13f2e2787535",
              "url": "https://files.pythonhosted.org/packages/a4/3a/d60ed296ff8bbc6157ce818765c4c02df8b02fe70c310b7d29127962c5ae/setuptools-67.5.1.tar.gz"
            }
          ],
          "project_name": "setuptools",
          "requires_dists": [
            "build[virtualenv]; extra == \"testing\"",
            "build[virtualenv]; extra == \"testing-integration\"",
            "filelock>=3.4.0; extra == \"testing\"",
            "filelock>=3.4.0; extra == \"testing-integration\"",
            "flake8-2020; extra == \"testing\"",
            "flake8<5; extra == \"testing\"",
            "furo; extra == \"docs\"",
            "ini2toml[lite]>=0.9; extra == \"testing\"",
            "jaraco.envs>=2.2; extra == \"testing\"",
            "jaraco.envs>=2.2; extra == \"testing-integration\"",
            "jaraco.packaging>=9; extra == \"docs\"",
            "jaraco.path>=3.2.0; extra == \"testing\"",
            "jaraco.path>=3.2.0; extra == \"testing-integration\"",
            "jaraco.tidelift>=1.4; extra == \"docs\"",
            "pip-run>=8.8; extra == \"testing\"",
            "pip>=19.1; extra == \"testing\"",
            "pygments-github-lexers==0.0.5; extra == \"docs\"",
            "pytest-black>=0.3.7; platform_python_implementation != \"PyPy\" and extra == \"testing\"",
            "pytest-checkdocs>=2.4; extra == \"testing\"",
            "pytest-cov; platform_python_implementation != \"PyPy\" and extra == \"testing\"",
            "pytest-enabler; extra == \"testing-integration\"",
            "pytest-enabler>=1.3; extra == \"testing\"",
            "pytest-flake8; python_version < \"3.12\" and extra == \"testing\"",
            "pytest-mypy>=0.9.1; platform_python_implementation != \"PyPy\" and extra == \"testing\"",
            "pytest-perf; extra == \"testing\"",
            "pytest-timeout; extra == \"testing\"",
            "pytest-xdist; extra == \"testing\"",
            "pytest-xdist; extra == \"testing-integration\"",
            "pytest; extra == \"testing-integration\"",
            "pytest>=6; extra == \"testing\"",
            "rst.linker>=1.9; extra == \"docs\"",
            "sphinx-favicon; extra == \"docs\"",
            "sphinx-hoverxref<2; extra == \"docs\"",
            "sphinx-inline-tabs; extra == \"docs\"",
            "sphinx-lint; extra == \"docs\"",
            "sphinx-notfound-page==0.8.3; extra == \"docs\"",
            "sphinx-reredirects; extra == \"docs\"",
            "sphinx>=3.5; extra == \"docs\"",
            "sphinxcontrib-towncrier; extra == \"docs\"",
            "tomli-w>=1.0.0; extra == \"testing\"",
            "tomli; extra == \"testing-integration\"",
            "virtualenv>=13.0.0; extra == \"testing\"",
            "virtualenv>=13.0.0; extra == \"testing-integration\"",
            "wheel; extra == \"testing\"",
            "wheel; extra == \"testing-integration\""
          ],
          "requires_python": ">=3.7",
          "version": "67.5.1"
        },
        {
          "artifacts": [
            {
              "algorithm": "sha256",
              "hash": "73988b6d848709e2af142aa48c986ea29592bbcfca5375678064708205253d8e",
              "url": "https://files.pythonhosted.org/packages/1d/66/8f42c941be949ef2b22fe905d850c794e7c170a526023612aad5f3a121ad/setuptools_scm-7.1.0-py3-none-any.whl"
            },
            {
              "algorithm": "sha256",
              "hash": "6c508345a771aad7d56ebff0e70628bf2b0ec7573762be9960214730de278f27",
              "url": "https://files.pythonhosted.org/packages/98/12/2c1e579bb968759fc512391473340d0661b1a8c96a59fb7c65b02eec1321/setuptools_scm-7.1.0.tar.gz"
            }
          ],
          "project_name": "setuptools-scm",
          "requires_dists": [
            "importlib-metadata; python_version < \"3.8\"",
            "packaging>=20.0",
            "pytest>=6.2; extra == \"test\"",
            "setuptools",
            "setuptools>=42; extra == \"toml\"",
            "tomli>=1.0.0; python_version < \"3.11\"",
            "typing-extensions",
            "virtualenv>20; extra == \"test\""
          ],
          "requires_python": ">=3.7",
          "version": "7.1.0"
        },
        {
          "artifacts": [
            {
              "algorithm": "sha256",
              "hash": "939de3e7a6161af0c887ef91b7d41a53e7c5a1ca976325f429cb46ea9bc30ecc",
              "url": "https://files.pythonhosted.org/packages/97/75/10a9ebee3fd790d20926a90a2547f0bf78f371b2f13aa822c759680ca7b9/tomli-2.0.1-py3-none-any.whl"
            },
            {
              "algorithm": "sha256",
              "hash": "de526c12914f0c550d15924c62d72abc48d6fe7364aa87328337a31007fe8a4f",
              "url": "https://files.pythonhosted.org/packages/c0/3f/d7af728f075fb08564c5949a9c95e44352e23dee646869fa104a3b2060a3/tomli-2.0.1.tar.gz"
            }
          ],
          "project_name": "tomli",
          "requires_dists": [],
          "requires_python": ">=3.7",
          "version": "2.0.1"
        },
        {
          "artifacts": [
            {
              "algorithm": "sha256",
              "hash": "fb33085c39dd998ac16d1431ebc293a8b3eedd00fd4a32de0ff79002c19511b4",
              "url": "https://files.pythonhosted.org/packages/31/25/5abcd82372d3d4a3932e1fa8c3dbf9efac10cc7c0d16e78467460571b404/typing_extensions-4.5.0-py3-none-any.whl"
            },
            {
              "algorithm": "sha256",
              "hash": "5cb5f4a79139d699607b3ef622a1dedafa84e115ab0024e0d9c044a9479ca7cb",
              "url": "https://files.pythonhosted.org/packages/d3/20/06270dac7316220643c32ae61694e451c98f8caf4c8eab3aa80a2bedf0df/typing_extensions-4.5.0.tar.gz"
            }
          ],
          "project_name": "typing-extensions",
          "requires_dists": [],
          "requires_python": ">=3.7",
          "version": "4.5.0"
        },
        {
          "artifacts": [
            {
              "algorithm": "sha256",
              "hash": "48904fc76a60e542af151aded95726c1a5c34ed43ab4134b597665c86d7ad556",
              "url": "https://files.pythonhosted.org/packages/5b/fa/c9e82bbe1af6266adf08afb563905eb87cab83fde00a0a08963510621047/zipp-3.15.0-py3-none-any.whl"
            },
            {
              "algorithm": "sha256",
              "hash": "112929ad649da941c23de50f356a2b5570c954b65150642bccdd66bf194d224b",
              "url": "https://files.pythonhosted.org/packages/00/27/f0ac6b846684cecce1ee93d32450c45ab607f65c2e0255f0092032d91f07/zipp-3.15.0.tar.gz"
            }
          ],
          "project_name": "zipp",
          "requires_dists": [
            "big-O; extra == \"testing\"",
            "flake8<5; extra == \"testing\"",
            "furo; extra == \"docs\"",
            "jaraco.functools; extra == \"testing\"",
            "jaraco.itertools; extra == \"testing\"",
            "jaraco.packaging>=9; extra == \"docs\"",
            "jaraco.tidelift>=1.4; extra == \"docs\"",
            "more-itertools; extra == \"testing\"",
            "pytest-black>=0.3.7; platform_python_implementation != \"PyPy\" and extra == \"testing\"",
            "pytest-checkdocs>=2.4; extra == \"testing\"",
            "pytest-cov; extra == \"testing\"",
            "pytest-enabler>=1.3; extra == \"testing\"",
            "pytest-flake8; python_version < \"3.12\" and extra == \"testing\"",
            "pytest-mypy>=0.9.1; platform_python_implementation != \"PyPy\" and extra == \"testing\"",
            "pytest>=6; extra == \"testing\"",
            "rst.linker>=1.9; extra == \"docs\"",
            "sphinx-lint; extra == \"docs\"",
            "sphinx>=3.5; extra == \"docs\""
          ],
          "requires_python": ">=3.7",
          "version": "3.15.0"
        }
      ],
      "platform_tag": null
    }
  ],
  "path_mappings": {},
  "pex_version": "2.1.126",
  "pip_version": "23.0.1",
  "prefer_older_binary": false,
  "requirements": [
    "setuptools-scm==7.1.0"
  ],
  "requires_python": [
    "<4,>=3.7"
  ],
  "resolver_version": "pip-2020-resolver",
  "style": "universal",
  "target_systems": [
    "linux",
    "mac"
  ],
  "transitive": true,
  "use_pep517": null
}
