# This lockfile was autogenerated by Pants. To regenerate, run:
#
#    pants internal-generate-test-lockfile-fixtures ::
#
# --- BEGIN PANTS LOCKFILE METADATA: DO NOT EDIT OR REMOVE ---
# {
#   "version": 1,
#   "generated_with_requirements": [
#     "org.scala-lang:scala3-library_3:3.3.1,url=not_provided,jar=not_provided"
#   ]
# }
# --- END PANTS LOCKFILE METADATA ---

[[entries]]
directDependencies = []
dependencies = []
file_name = "org.scala-lang_scala-library_2.13.10.jar"

[entries.coord]
group = "org.scala-lang"
artifact = "scala-library"
version = "2.13.10"
packaging = "jar"
[entries.file_digest]
fingerprint = "e6ca607c3fce03e8fa38af3374ce1f8bb098e316e8bf6f6d27331360feddb1c1"
serialized_bytes_length = 5949244
[[entries]]
file_name = "org.scala-lang_scala3-library_3_3.3.1.jar"
[[entries.directDependencies]]
group = "org.scala-lang"
artifact = "scala-library"
version = "2.13.10"
packaging = "jar"

[[entries.dependencies]]
group = "org.scala-lang"
artifact = "scala-library"
version = "2.13.10"
packaging = "jar"


[entries.coord]
group = "org.scala-lang"
artifact = "scala3-library_3"
version = "3.3.1"
packaging = "jar"
[entries.file_digest]
fingerprint = "b64c13c1f3d1ac2323457ec6cc09e9b38d7a9ef6889a1a0063601bf25d545508"
serialized_bytes_length = 1263932
