// This lockfile was autogenerated by Pants. To regenerate, run:
//
//    build-support/bin/generate_all_lockfiles.sh
//
// --- BEGIN PANTS LOCKFILE METADATA: DO NOT EDIT OR REMOVE ---
// {
//   "version": 2,
//   "valid_for_interpreter_constraints": [
//     "CPython<4,>=3.7"
//   ],
//   "generated_with_requirements": [
//     "autoflake==1.4"
//   ]
// }
// --- END PANTS LOCKFILE METADATA ---

{
  "allow_builds": true,
  "allow_prereleases": false,
  "allow_wheels": true,
  "build_isolation": true,
  "constraints": [],
  "locked_resolves": [
    {
      "locked_requirements": [
        {
          "artifacts": [
            {
              "algorithm": "sha256",
              "hash": "61a353012cff6ab94ca062823d1fb2f692c4acda51c76ff83a8d77915fba51ea",
              "url": "https://files.pythonhosted.org/packages/11/2e/0a7618eb5e69483d62b0f86c8d1eb7fdca2c2781f6f0cd5f3a3286398475/autoflake-1.4.tar.gz"
            }
          ],
          "project_name": "autoflake",
          "requires_dists": [
            "pyflakes>=1.1.0"
          ],
          "requires_python": null,
          "version": "1.4"
        },
        {
          "artifacts": [
            {
              "algorithm": "sha256",
              "hash": "3bb3a3f256f4b7968c9c788781e4ff07dce46bdf12339dcda61053375426ee2e",
              "url": "https://files.pythonhosted.org/packages/43/fb/38848eb494af7df9aeb2d7673ace8b213313eb7e391691a79dbaeb6a838f/pyflakes-2.4.0-py2.py3-none-any.whl"
            },
            {
              "algorithm": "sha256",
              "hash": "05a85c2872edf37a4ed30b0cce2f6093e1d0581f8c19d7393122da7e25b2b24c",
              "url": "https://files.pythonhosted.org/packages/15/60/c577e54518086e98470e9088278247f4af1d39cb43bcbd731e2c307acd6a/pyflakes-2.4.0.tar.gz"
            }
          ],
          "project_name": "pyflakes",
          "requires_dists": [],
          "requires_python": "!=3.0.*,!=3.1.*,!=3.2.*,!=3.3.*,>=2.7",
          "version": "2.4"
        }
      ],
      "platform_tag": null
    }
  ],
  "path_mappings": {},
  "pex_version": "2.1.96",
  "prefer_older_binary": false,
  "requirements": [
    "autoflake==1.4"
  ],
  "requires_python": [
    "<4,>=3.7"
  ],
  "resolver_version": "pip-2020-resolver",
  "style": "universal",
  "target_systems": [
    "linux",
    "mac"
  ],
  "transitive": true,
  "use_pep517": null
}
