{
  "allow_builds": true,
  "allow_prereleases": false,
  "allow_wheels": true,
  "build_isolation": true,
  "constraints": [],
  "elide_unused_requires_dist": false,
  "excluded": [],
  "locked_resolves": [
    {
      "locked_requirements": [
        {
          "artifacts": [
            {
              "algorithm": "sha256",
              "hash": "ffdfce58ea94c6580c77888a86506937f9a1a227dfcd15f245d694ae20a6b6e5",
              "url": "https://files.pythonhosted.org/packages/b0/24/bbf7175ffc47cb3d3e1eb523ddb23272968359dfcf2e1294707a2bf12fc4/flake8-6.1.0-py2.py3-none-any.whl"
            },
            {
              "algorithm": "sha256",
              "hash": "d5b3857f07c030bdb5bf41c7f53799571d75c4491748a3adcd47de929e34cd23",
              "url": "https://files.pythonhosted.org/packages/cf/f8/bbe24f43695c0c480181e39ce910c2650c794831886ec46ddd7c40520e6a/flake8-6.1.0.tar.gz"
            }
          ],
          "project_name": "flake8",
          "requires_dists": [
            "mccabe<0.8.0,>=0.7.0",
            "pycodestyle<2.12.0,>=2.11.0",
            "pyflakes<3.2.0,>=3.1.0"
          ],
          "requires_python": ">=3.8.1",
          "version": "6.1.0"
        },
        {
          "artifacts": [
            {
              "algorithm": "sha256",
              "hash": "6c2d30ab6be0e4a46919781807b4f0d834ebdd6c6e3dca0bda5a15f863427b6e",
              "url": "https://files.pythonhosted.org/packages/27/1a/1f68f9ba0c207934b35b86a8ca3aad8395a3d6dd7921c0686e23853ff5a9/mccabe-0.7.0-py2.py3-none-any.whl"
            },
            {
              "algorithm": "sha256",
              "hash": "348e0240c33b60bbdf4e523192ef919f28cb2c3d7d5c7794f74009290f236325",
              "url": "https://files.pythonhosted.org/packages/e7/ff/0ffefdcac38932a54d2b5eed4e0ba8a408f215002cd178ad1df0f2806ff8/mccabe-0.7.0.tar.gz"
            }
          ],
          "project_name": "mccabe",
          "requires_dists": [],
          "requires_python": ">=3.6",
          "version": "0.7.0"
        },
        {
          "artifacts": [
            {
              "algorithm": "sha256",
              "hash": "44fe31000b2d866f2e41841b18528a505fbd7fef9017b04eff4e2648a0fadc67",
              "url": "https://files.pythonhosted.org/packages/b1/90/a998c550d0ddd07e38605bb5c455d00fcc177a800ff9cc3dafdcb3dd7b56/pycodestyle-2.11.1-py2.py3-none-any.whl"
            },
            {
              "algorithm": "sha256",
              "hash": "41ba0e7afc9752dfb53ced5489e89f8186be00e599e712660695b7a75ff2663f",
              "url": "https://files.pythonhosted.org/packages/34/8f/fa09ae2acc737b9507b5734a9aec9a2b35fa73409982f57db1b42f8c3c65/pycodestyle-2.11.1.tar.gz"
            }
          ],
          "project_name": "pycodestyle",
          "requires_dists": [],
          "requires_python": ">=3.8",
          "version": "2.11.1"
        },
        {
          "artifacts": [
            {
              "algorithm": "sha256",
              "hash": "4132f6d49cb4dae6819e5379898f2b8cce3c5f23994194c24b77d5da2e36f774",
              "url": "https://files.pythonhosted.org/packages/00/e9/1e1fd7fae559bfd07704991e9a59dd1349b72423c904256c073ce88a9940/pyflakes-3.1.0-py2.py3-none-any.whl"
            },
            {
              "algorithm": "sha256",
              "hash": "a0aae034c444db0071aa077972ba4768d40c830d9539fd45bf4cd3f8f6992efc",
              "url": "https://files.pythonhosted.org/packages/8b/fb/7251eaec19a055ec6aafb3d1395db7622348130d1b9b763f78567b2aab32/pyflakes-3.1.0.tar.gz"
            }
          ],
          "project_name": "pyflakes",
          "requires_dists": [],
          "requires_python": ">=3.8",
          "version": "3.1.0"
        }
      ],
      "marker": null,
      "platform_tag": null
    }
  ],
  "only_builds": [],
  "only_wheels": [],
  "overridden": [],
  "path_mappings": {},
  "pex_version": "2.69.1",
  "pip_version": "25.3",
  "prefer_older_binary": false,
  "requirements": [
    "flake8<7,>=5.0.4"
  ],
  "requires_python": [
    "CPython<3.15,>=3.9"
  ],
  "resolver_version": "pip-2020-resolver",
  "style": "universal",
  "target_systems": [
    "linux",
    "mac"
  ],
  "transitive": true,
  "use_pep517": null,
  "use_system_time": false
}
