// This lockfile was autogenerated by Pants. To regenerate, run:
//
//    build-support/bin/generate_all_lockfiles.sh
//
// --- BEGIN PANTS LOCKFILE METADATA: DO NOT EDIT OR REMOVE ---
// {
//   "version": 3,
//   "valid_for_interpreter_constraints": [
//     "CPython==3.9.*"
//   ],
//   "generated_with_requirements": [
//     "ruamel.yaml!=0.17.0,!=0.17.1,!=0.17.2,!=0.17.5,<=0.17.21,>=0.15.96",
//     "yamlpath<3.7,>=3.6"
//   ],
//   "manylinux": "manylinux2014",
//   "requirement_constraints": [],
//   "only_binary": [],
//   "no_binary": []
// }
// --- END PANTS LOCKFILE METADATA ---

{
  "allow_builds": true,
  "allow_prereleases": false,
  "allow_wheels": true,
  "build_isolation": true,
  "constraints": [],
  "locked_resolves": [
    {
      "locked_requirements": [
        {
          "artifacts": [
            {
              "algorithm": "sha256",
              "hash": "961d03dc3453ebbc59dbdea9e4e11c5651520a876d0f4db161e8674aae935da9",
              "url": "https://files.pythonhosted.org/packages/36/7a/87837f39d0296e723bb9b62bbb257d0355c7f6128853c78955f57342a56d/python_dateutil-2.8.2-py2.py3-none-any.whl"
            },
            {
              "algorithm": "sha256",
              "hash": "0123cacc1627ae19ddf3c27a5de5bd67ee4586fbdd6440d9748f8abb483d3e86",
              "url": "https://files.pythonhosted.org/packages/4c/c4/13b4776ea2d76c115c1d1b84579f3764ee6d57204f6be27119f13a61d0a9/python-dateutil-2.8.2.tar.gz"
            }
          ],
          "project_name": "python-dateutil",
          "requires_dists": [
            "six>=1.5"
          ],
          "requires_python": "!=3.0.*,!=3.1.*,!=3.2.*,>=2.7",
          "version": "2.8.2"
        },
        {
          "artifacts": [
            {
              "algorithm": "sha256",
              "hash": "742b35d3d665023981bd6d16b3d24248ce5df75fdb4e2924e93a05c1f8b61ca7",
              "url": "https://files.pythonhosted.org/packages/9e/cb/938214ac358fbef7058343b3765c79a1b7ed0c366f7f992ce7ff38335652/ruamel.yaml-0.17.21-py3-none-any.whl"
            },
            {
              "algorithm": "sha256",
              "hash": "8b7ce697a2f212752a35c1ac414471dc16c424c9573be4926b56ff3f5d23b7af",
              "url": "https://files.pythonhosted.org/packages/46/a9/6ed24832095b692a8cecc323230ce2ec3480015fbfa4b79941bd41b23a3c/ruamel.yaml-0.17.21.tar.gz"
            }
          ],
          "project_name": "ruamel-yaml",
          "requires_dists": [
            "ruamel.yaml.clib>=0.2.6; platform_python_implementation == \"CPython\" and python_version < \"3.11\"",
            "ruamel.yaml.jinja2>=0.2; extra == \"jinja2\"",
            "ryd; extra == \"docs\""
          ],
          "requires_python": ">=3",
          "version": "0.17.21"
        },
        {
          "artifacts": [
            {
              "algorithm": "sha256",
              "hash": "1b4139a6ffbca8ef60fdaf9b33dec05143ba746a6f0ae0f9d11d38239211d335",
              "url": "https://files.pythonhosted.org/packages/6c/1a/fe3e77e4fa2064a89918a825be5e0a3edde1df0dc7a5772ce66ba8552232/ruamel.yaml.clib-0.2.6-cp39-cp39-manylinux2014_aarch64.whl"
            },
            {
              "algorithm": "sha256",
              "hash": "1866cf2c284a03b9524a5cc00daca56d80057c5ce3cdc86a52020f4c720856f0",
              "url": "https://files.pythonhosted.org/packages/3e/36/f1e3b5a0507662a66f156518457ffaf530c818f204467a5c532fc44056f9/ruamel.yaml.clib-0.2.6-cp39-cp39-manylinux1_x86_64.whl"
            },
            {
              "algorithm": "sha256",
              "hash": "4ff604ce439abb20794f05613c374759ce10e3595d1867764dd1ae675b85acbd",
              "url": "https://files.pythonhosted.org/packages/8b/25/08e5ad2431a028d0723ca5540b3af6a32f58f25e83c6dda4d0fcef7288a3/ruamel.yaml.clib-0.2.6.tar.gz"
            },
            {
              "algorithm": "sha256",
              "hash": "dc6a613d6c74eef5a14a214d433d06291526145431c3b964f5e16529b1842bed",
              "url": "https://files.pythonhosted.org/packages/ba/2c/076d00f31f9476ccad3a6a5446ee30c5f0921012d714c76f3111e29b06ab/ruamel.yaml.clib-0.2.6-cp39-cp39-macosx_10_9_x86_64.whl"
            }
          ],
          "project_name": "ruamel-yaml-clib",
          "requires_dists": [],
          "requires_python": ">=3.5",
          "version": "0.2.6"
        },
        {
          "artifacts": [
            {
              "algorithm": "sha256",
              "hash": "8abb2f1d86890a2dfb989f9a77cfcfd3e47c2a354b01111771326f8aa26e0254",
              "url": "https://files.pythonhosted.org/packages/d9/5a/e7c31adbe875f2abbb91bd84cf2dc52d792b5a01506781dbcf25c91daf11/six-1.16.0-py2.py3-none-any.whl"
            },
            {
              "algorithm": "sha256",
              "hash": "1e61c37477a1626458e36f7b1d82aa5c9b094fa4802892072e49de9c60c4c926",
              "url": "https://files.pythonhosted.org/packages/71/39/171f1c67cd00715f190ba0b100d606d440a28c93c7714febeca8b79af85e/six-1.16.0.tar.gz"
            }
          ],
          "project_name": "six",
          "requires_dists": [],
          "requires_python": "!=3.0.*,!=3.1.*,!=3.2.*,>=2.7",
          "version": "1.16"
        },
        {
          "artifacts": [
            {
              "algorithm": "sha256",
              "hash": "7ab36e5a798cfe49b69edac500eaf998e32a8ba51acc3c381c08b711d471562f",
              "url": "https://files.pythonhosted.org/packages/51/85/623a54d3f7cf3310997f386afdbacf69c4d55a8c9d2a45fc60bb9c9aa7ba/yamlpath-3.6.7-py3-none-any.whl"
            },
            {
              "algorithm": "sha256",
              "hash": "d0753ce7c8a9a29be860d15a0064ba02de638a8a87f8abf65d01e44a97649f01",
              "url": "https://files.pythonhosted.org/packages/96/1f/45be2c2b40b5248df04b7e8ac7fa01c26387059386117286f1e2680e0ce8/yamlpath-3.6.7.tar.gz"
            }
          ],
          "project_name": "yamlpath",
          "requires_dists": [
            "python-dateutil<=3",
            "ruamel.yaml!=0.17.18,<=0.17.21,>0.17.5"
          ],
          "requires_python": ">3.6.0",
          "version": "3.6.7"
        }
      ],
      "platform_tag": null
    }
  ],
  "path_mappings": {},
  "pex_version": "2.1.103",
  "prefer_older_binary": false,
  "requirements": [
    "ruamel.yaml!=0.17.0,!=0.17.1,!=0.17.2,!=0.17.5,<=0.17.21,>=0.15.96",
    "yamlpath<3.7,>=3.6"
  ],
  "requires_python": [
    "==3.9.*"
  ],
  "resolver_version": "pip-2020-resolver",
  "style": "universal",
  "target_systems": [
    "linux",
    "mac"
  ],
  "transitive": true,
  "use_pep517": null
}
