// This lockfile was autogenerated by Pants. To regenerate, run:
//
//    build-support/bin/generate_all_lockfiles.sh
//
// --- BEGIN PANTS LOCKFILE METADATA: DO NOT EDIT OR REMOVE ---
// {
//   "version": 2,
//   "valid_for_interpreter_constraints": [
//     "CPython<4,>=3.7"
//   ],
//   "generated_with_requirements": [
//     "clang-format==14.0.3"
//   ]
// }
// --- END PANTS LOCKFILE METADATA ---

{
  "allow_builds": true,
  "allow_prereleases": false,
  "allow_wheels": true,
  "build_isolation": true,
  "constraints": [],
  "locked_resolves": [
    {
      "locked_requirements": [
        {
          "artifacts": [
            {
              "algorithm": "sha256",
              "hash": "00afee65c015d4c017d5b56524fc4a59829e5986ac159f0ab2c2147540a2b31a",
              "url": "https://files.pythonhosted.org/packages/65/56/eb18d61a085ba018395155a2d658e0ee3aff0821a0b16d3d431b5ecec83b/clang_format-14.0.3-py2.py3-none-manylinux_2_17_s390x.manylinux2014_s390x.whl"
            },
            {
              "algorithm": "sha256",
              "hash": "2c7da4ff143146fe7b80894efd32842f45d58a3bd30e8fb559ce86b961700a3c",
              "url": "https://files.pythonhosted.org/packages/2f/a7/01eebdafa44ca579383eb088dd6aa2179aa8c0bd661db17a6e52a5c5032b/clang_format-14.0.3-py2.py3-none-macosx_10_9_universal2.whl"
            },
            {
              "algorithm": "sha256",
              "hash": "7dce28e40f2af48b1d0d5a0211562e592395d32c58483c0cafd75e7cf3297b55",
              "url": "https://files.pythonhosted.org/packages/4f/9e/be1a223599b501a116048fdb5ed3e96fee68ae5afcac4608f885b04265f5/clang_format-14.0.3-py2.py3-none-manylinux_2_12_i686.manylinux2010_i686.whl"
            },
            {
              "algorithm": "sha256",
              "hash": "b15a04d5c6ca463104518c461ef203f62f2a0b639d4e49d1362e2344ce25ec89",
              "url": "https://files.pythonhosted.org/packages/66/91/52e3e26b31945dd2e58f0cdbd0697f424cb4bbd9ad254a3f800a3d3d2993/clang_format-14.0.3-py2.py3-none-manylinux_2_17_aarch64.manylinux2014_aarch64.whl"
            },
            {
              "algorithm": "sha256",
              "hash": "73bc0bd21eacdee30b85e1315a6cff5685531d89905c3411de91816fc7cbce75",
              "url": "https://files.pythonhosted.org/packages/91/19/b484a5df518e83fdf45482ce2396392932c5636c4a785b5d9c57d965b305/clang-format-14.0.3.tar.gz"
            },
            {
              "algorithm": "sha256",
              "hash": "778e4acc74e1dcbd8197dcf49142b4102242a83881fb117b86727c01e74c6941",
              "url": "https://files.pythonhosted.org/packages/a3/4d/866c1f4bafd8ab2b957c7713aa2ae4db1363f781fb02fdd77ff531813abf/clang_format-14.0.3-py2.py3-none-manylinux_2_12_x86_64.manylinux2010_x86_64.whl"
            },
            {
              "algorithm": "sha256",
              "hash": "0925179fa10c444a07bdff5db6981868d07f109f1d8b5e5eaecc4f3b028e48a1",
              "url": "https://files.pythonhosted.org/packages/b1/42/1a523349b0ae0ebcedb6278fade1fa5e0b303f9a18a480a342e4242d30bc/clang_format-14.0.3-py2.py3-none-manylinux_2_17_ppc64le.manylinux2014_ppc64le.whl"
            }
          ],
          "project_name": "clang-format",
          "requires_dists": [],
          "requires_python": null,
          "version": "14.0.3"
        }
      ],
      "platform_tag": null
    }
  ],
  "path_mappings": {},
  "pex_version": "2.1.96",
  "prefer_older_binary": false,
  "requirements": [
    "clang-format==14.0.3"
  ],
  "requires_python": [
    "<4,>=3.7"
  ],
  "resolver_version": "pip-2020-resolver",
  "style": "universal",
  "target_systems": [
    "linux",
    "mac"
  ],
  "transitive": true,
  "use_pep517": null
}
