// This lockfile was autogenerated by Pants. To regenerate, run:
//
//    build-support/bin/generate_all_lockfiles.sh
//
// --- BEGIN PANTS LOCKFILE METADATA: DO NOT EDIT OR REMOVE ---
// {
//   "version": 3,
//   "valid_for_interpreter_constraints": [
//     "CPython<4,>=3.7"
//   ],
//   "generated_with_requirements": [
//     "pydocstyle[toml]<7.0,>=6.1.1"
//   ],
//   "manylinux": "manylinux2014",
//   "requirement_constraints": [],
//   "only_binary": [],
//   "no_binary": []
// }
// --- END PANTS LOCKFILE METADATA ---

{
  "allow_builds": true,
  "allow_prereleases": false,
  "allow_wheels": true,
  "build_isolation": true,
  "constraints": [],
  "locked_resolves": [
    {
      "locked_requirements": [
        {
          "artifacts": [
            {
              "algorithm": "sha256",
              "hash": "6987826d6775056839940041beef5c08cc7e3d71d63149b48e36727f70144dc4",
              "url": "https://files.pythonhosted.org/packages/87/67/4df10786068766000518c6ad9c4a614e77585a12ab8f0654c776757ac9dc/pydocstyle-6.1.1-py3-none-any.whl"
            },
            {
              "algorithm": "sha256",
              "hash": "1d41b7c459ba0ee6c345f2eb9ae827cab14a7533a88c5c6f7e94923f72df92dc",
              "url": "https://files.pythonhosted.org/packages/4c/30/4cdea3c8342ad343d41603afc1372167c224a04dc5dc0bf4193ccb39b370/pydocstyle-6.1.1.tar.gz"
            }
          ],
          "project_name": "pydocstyle",
          "requires_dists": [
            "snowballstemmer",
            "toml; extra == \"toml\""
          ],
          "requires_python": ">=3.6",
          "version": "6.1.1"
        },
        {
          "artifacts": [
            {
              "algorithm": "sha256",
              "hash": "c8e1716e83cc398ae16824e5572ae04e0d9fc2c6b985fb0f900f5f0c96ecba1a",
              "url": "https://files.pythonhosted.org/packages/ed/dc/c02e01294f7265e63a7315fe086dd1df7dacb9f840a804da846b96d01b96/snowballstemmer-2.2.0-py2.py3-none-any.whl"
            },
            {
              "algorithm": "sha256",
              "hash": "09b16deb8547d3412ad7b590689584cd0fe25ec8db3be37788be3810cbf19cb1",
              "url": "https://files.pythonhosted.org/packages/44/7b/af302bebf22c749c56c9c3e8ae13190b5b5db37a33d9068652e8f73b7089/snowballstemmer-2.2.0.tar.gz"
            }
          ],
          "project_name": "snowballstemmer",
          "requires_dists": [],
          "requires_python": null,
          "version": "2.2.0"
        },
        {
          "artifacts": [
            {
              "algorithm": "sha256",
              "hash": "806143ae5bfb6a3c6e736a764057db0e6a0e05e338b5630894a5f779cabb4f9b",
              "url": "https://files.pythonhosted.org/packages/44/6f/7120676b6d73228c96e17f1f794d8ab046fc910d781c8d151120c3f1569e/toml-0.10.2-py2.py3-none-any.whl"
            },
            {
              "algorithm": "sha256",
              "hash": "b3bda1d108d5dd99f4a20d24d9c348e91c4db7ab1b749200bded2f839ccbe68f",
              "url": "https://files.pythonhosted.org/packages/be/ba/1f744cdc819428fc6b5084ec34d9b30660f6f9daaf70eead706e3203ec3c/toml-0.10.2.tar.gz"
            }
          ],
          "project_name": "toml",
          "requires_dists": [],
          "requires_python": "!=3.0.*,!=3.1.*,!=3.2.*,>=2.6",
          "version": "0.10.2"
        }
      ],
      "platform_tag": null
    }
  ],
  "path_mappings": {},
  "pex_version": "2.1.113",
  "pip_version": "20.3.4-patched",
  "prefer_older_binary": false,
  "requirements": [
    "pydocstyle[toml]<7.0,>=6.1.1"
  ],
  "requires_python": [
    "<4,>=3.7"
  ],
  "resolver_version": "pip-2020-resolver",
  "style": "universal",
  "target_systems": [
    "linux",
    "mac"
  ],
  "transitive": true,
  "use_pep517": null
}
