# THIS IS AN AUTOGENERATED FILE. DO NOT EDIT THIS FILE DIRECTLY.
# yarn lockfile v1


fsevents@~2.3.3:
  version "2.3.3"
  resolved "https://registry.yarnpkg.com/fsevents/-/fsevents-2.3.3.tgz#cac6407785d03675a2a5e1a5305c697b347d90d6"
  integrity sha512-5xoDfX+fL7faATnagmWPpbFtwh/R77WmMMqqHGS65C3vvB0YHrgF+B1YmZ3441tMj5n63k0212XNoJwzlhffQw==

pyright@1.1.396:
  version "1.1.396"
  resolved "https://registry.yarnpkg.com/pyright/-/pyright-1.1.396.tgz#86610d04f58d12a4920523e923eaaed238787b62"
  integrity sha512-+/8GN9ZRlqS/EFUjSW3yb2FN9XF7KjGpnLVYLtfTPDiiH+tfua898acKenUTGYbdfvSf7J0GD/g1b5RItnyYPw==
  optionalDependencies:
    fsevents "~2.3.3"
