# This lockfile was autogenerated by Pants. To regenerate, run:
#
#    pants generate-lockfiles
#
# --- BEGIN PANTS LOCKFILE METADATA: DO NOT EDIT OR REMOVE ---
# {
#   "version": 1,
#   "generated_with_requirements": [
#     "com.fasterxml.jackson.core:jackson-databind:2.12.4,url=not_provided,jar=not_provided",
#     "com.fasterxml.jackson.datatype:jackson-datatype-jdk8:2.12.4,url=not_provided,jar=not_provided",
#     "com.github.javaparser:javaparser-symbol-solver-core:3.25.5,url=not_provided,jar=not_provided"
#   ]
# }
# --- END PANTS LOCKFILE METADATA ---

[[entries]]
directDependencies = []
dependencies = []
file_name = "com.fasterxml.jackson.core_jackson-annotations_2.12.4.jar"

[entries.coord]
group = "com.fasterxml.jackson.core"
artifact = "jackson-annotations"
version = "2.12.4"
packaging = "jar"
[entries.file_digest]
fingerprint = "f6aa3706a875689b66cdac3334f65dfdb795ccfad4117bf072893b196ed1ec8e"
serialized_bytes_length = 75705
[[entries]]
directDependencies = []
dependencies = []
file_name = "com.fasterxml.jackson.core_jackson-core_2.12.4.jar"

[entries.coord]
group = "com.fasterxml.jackson.core"
artifact = "jackson-core"
version = "2.12.4"
packaging = "jar"
[entries.file_digest]
fingerprint = "3506ce47ec2604ae2d80d79505f7cb374f718060639415c07d144adadd2d68a3"
serialized_bytes_length = 365223
[[entries]]
file_name = "com.fasterxml.jackson.core_jackson-databind_2.12.4.jar"
[[entries.directDependencies]]
group = "com.fasterxml.jackson.core"
artifact = "jackson-annotations"
version = "2.12.4"
packaging = "jar"

[[entries.directDependencies]]
group = "com.fasterxml.jackson.core"
artifact = "jackson-core"
version = "2.12.4"
packaging = "jar"

[[entries.dependencies]]
group = "com.fasterxml.jackson.core"
artifact = "jackson-annotations"
version = "2.12.4"
packaging = "jar"

[[entries.dependencies]]
group = "com.fasterxml.jackson.core"
artifact = "jackson-core"
version = "2.12.4"
packaging = "jar"


[entries.coord]
group = "com.fasterxml.jackson.core"
artifact = "jackson-databind"
version = "2.12.4"
packaging = "jar"
[entries.file_digest]
fingerprint = "e99a7b4b89074bc689aabcd9eb1f2c1318b68cc5c34979daf3e34edc558c7a01"
serialized_bytes_length = 1516044
[[entries]]
file_name = "com.fasterxml.jackson.datatype_jackson-datatype-jdk8_2.12.4.jar"
[[entries.directDependencies]]
group = "com.fasterxml.jackson.core"
artifact = "jackson-core"
version = "2.12.4"
packaging = "jar"

[[entries.directDependencies]]
group = "com.fasterxml.jackson.core"
artifact = "jackson-databind"
version = "2.12.4"
packaging = "jar"

[[entries.dependencies]]
group = "com.fasterxml.jackson.core"
artifact = "jackson-annotations"
version = "2.12.4"
packaging = "jar"

[[entries.dependencies]]
group = "com.fasterxml.jackson.core"
artifact = "jackson-core"
version = "2.12.4"
packaging = "jar"

[[entries.dependencies]]
group = "com.fasterxml.jackson.core"
artifact = "jackson-databind"
version = "2.12.4"
packaging = "jar"


[entries.coord]
group = "com.fasterxml.jackson.datatype"
artifact = "jackson-datatype-jdk8"
version = "2.12.4"
packaging = "jar"
[entries.file_digest]
fingerprint = "00852350fc1503344723b590f1afe9593ab732fb5b035659b503b49bbea5c9b2"
serialized_bytes_length = 34438
[[entries]]
directDependencies = []
dependencies = []
file_name = "com.github.javaparser_javaparser-core_3.25.5.jar"

[entries.coord]
group = "com.github.javaparser"
artifact = "javaparser-core"
version = "3.25.5"
packaging = "jar"
[entries.file_digest]
fingerprint = "19634967989abcaf2c6cb44b45cac9da4f255e102108205f0b8f1fa68c97bd53"
serialized_bytes_length = 1390792
[[entries]]
file_name = "com.github.javaparser_javaparser-symbol-solver-core_3.25.5.jar"
[[entries.directDependencies]]
group = "com.github.javaparser"
artifact = "javaparser-core"
version = "3.25.5"
packaging = "jar"

[[entries.directDependencies]]
group = "com.google.guava"
artifact = "guava"
version = "32.1.2-jre"
packaging = "jar"

[[entries.directDependencies]]
group = "org.javassist"
artifact = "javassist"
version = "3.29.2-GA"
packaging = "jar"

[[entries.dependencies]]
group = "com.github.javaparser"
artifact = "javaparser-core"
version = "3.25.5"
packaging = "jar"

[[entries.dependencies]]
group = "com.google.code.findbugs"
artifact = "jsr305"
version = "3.0.2"
packaging = "jar"

[[entries.dependencies]]
group = "com.google.errorprone"
artifact = "error_prone_annotations"
version = "2.18.0"
packaging = "jar"

[[entries.dependencies]]
group = "com.google.guava"
artifact = "failureaccess"
version = "1.0.1"
packaging = "jar"

[[entries.dependencies]]
group = "com.google.guava"
artifact = "guava"
version = "32.1.2-jre"
packaging = "jar"

[[entries.dependencies]]
group = "com.google.guava"
artifact = "listenablefuture"
version = "9999.0-empty-to-avoid-conflict-with-guava"
packaging = "jar"

[[entries.dependencies]]
group = "com.google.j2objc"
artifact = "j2objc-annotations"
version = "2.8"
packaging = "jar"

[[entries.dependencies]]
group = "org.checkerframework"
artifact = "checker-qual"
version = "3.33.0"
packaging = "jar"

[[entries.dependencies]]
group = "org.javassist"
artifact = "javassist"
version = "3.29.2-GA"
packaging = "jar"


[entries.coord]
group = "com.github.javaparser"
artifact = "javaparser-symbol-solver-core"
version = "3.25.5"
packaging = "jar"
[entries.file_digest]
fingerprint = "552ad01c75409988e6a1357c886c520c3fe72492d5fdb12efc91f44a6cb218f3"
serialized_bytes_length = 457916
[[entries]]
directDependencies = []
dependencies = []
file_name = "com.google.code.findbugs_jsr305_3.0.2.jar"

[entries.coord]
group = "com.google.code.findbugs"
artifact = "jsr305"
version = "3.0.2"
packaging = "jar"
[entries.file_digest]
fingerprint = "766ad2a0783f2687962c8ad74ceecc38a28b9f72a2d085ee438b7813e928d0c7"
serialized_bytes_length = 19936
[[entries]]
directDependencies = []
dependencies = []
file_name = "com.google.errorprone_error_prone_annotations_2.18.0.jar"

[entries.coord]
group = "com.google.errorprone"
artifact = "error_prone_annotations"
version = "2.18.0"
packaging = "jar"
[entries.file_digest]
fingerprint = "9e6814cb71816988a4fd1b07a993a8f21bb7058d522c162b1de849e19bea54ae"
serialized_bytes_length = 16017
[[entries]]
directDependencies = []
dependencies = []
file_name = "com.google.guava_failureaccess_1.0.1.jar"

[entries.coord]
group = "com.google.guava"
artifact = "failureaccess"
version = "1.0.1"
packaging = "jar"
[entries.file_digest]
fingerprint = "a171ee4c734dd2da837e4b16be9df4661afab72a41adaf31eb84dfdaf936ca26"
serialized_bytes_length = 4617
[[entries]]
file_name = "com.google.guava_guava_32.1.2-jre.jar"
[[entries.directDependencies]]
group = "com.google.code.findbugs"
artifact = "jsr305"
version = "3.0.2"
packaging = "jar"

[[entries.directDependencies]]
group = "com.google.errorprone"
artifact = "error_prone_annotations"
version = "2.18.0"
packaging = "jar"

[[entries.directDependencies]]
group = "com.google.guava"
artifact = "failureaccess"
version = "1.0.1"
packaging = "jar"

[[entries.directDependencies]]
group = "com.google.guava"
artifact = "listenablefuture"
version = "9999.0-empty-to-avoid-conflict-with-guava"
packaging = "jar"

[[entries.directDependencies]]
group = "com.google.j2objc"
artifact = "j2objc-annotations"
version = "2.8"
packaging = "jar"

[[entries.directDependencies]]
group = "org.checkerframework"
artifact = "checker-qual"
version = "3.33.0"
packaging = "jar"

[[entries.dependencies]]
group = "com.google.code.findbugs"
artifact = "jsr305"
version = "3.0.2"
packaging = "jar"

[[entries.dependencies]]
group = "com.google.errorprone"
artifact = "error_prone_annotations"
version = "2.18.0"
packaging = "jar"

[[entries.dependencies]]
group = "com.google.guava"
artifact = "failureaccess"
version = "1.0.1"
packaging = "jar"

[[entries.dependencies]]
group = "com.google.guava"
artifact = "listenablefuture"
version = "9999.0-empty-to-avoid-conflict-with-guava"
packaging = "jar"

[[entries.dependencies]]
group = "com.google.j2objc"
artifact = "j2objc-annotations"
version = "2.8"
packaging = "jar"

[[entries.dependencies]]
group = "org.checkerframework"
artifact = "checker-qual"
version = "3.33.0"
packaging = "jar"


[entries.coord]
group = "com.google.guava"
artifact = "guava"
version = "32.1.2-jre"
packaging = "jar"
[entries.file_digest]
fingerprint = "bc65dea7cfd9e4dacf8419d8af0e741655857d27885bb35d943d7187fc3a8fce"
serialized_bytes_length = 3041591
[[entries]]
directDependencies = []
dependencies = []
file_name = "com.google.guava_listenablefuture_9999.0-empty-to-avoid-conflict-with-guava.jar"

[entries.coord]
group = "com.google.guava"
artifact = "listenablefuture"
version = "9999.0-empty-to-avoid-conflict-with-guava"
packaging = "jar"
[entries.file_digest]
fingerprint = "b372a037d4230aa57fbeffdef30fd6123f9c0c2db85d0aced00c91b974f33f99"
serialized_bytes_length = 2199
[[entries]]
directDependencies = []
dependencies = []
file_name = "com.google.j2objc_j2objc-annotations_2.8.jar"

[entries.coord]
group = "com.google.j2objc"
artifact = "j2objc-annotations"
version = "2.8"
packaging = "jar"
[entries.file_digest]
fingerprint = "f02a95fa1a5e95edb3ed859fd0fb7df709d121a35290eff8b74dce2ab7f4d6ed"
serialized_bytes_length = 9301
[[entries]]
directDependencies = []
dependencies = []
file_name = "org.checkerframework_checker-qual_3.33.0.jar"

[entries.coord]
group = "org.checkerframework"
artifact = "checker-qual"
version = "3.33.0"
packaging = "jar"
[entries.file_digest]
fingerprint = "e316255bbfcd9fe50d165314b85abb2b33cb2a66a93c491db648e498a82c2de1"
serialized_bytes_length = 223979
[[entries]]
directDependencies = []
dependencies = []
file_name = "org.javassist_javassist_3.29.2-GA.jar"

[entries.coord]
group = "org.javassist"
artifact = "javassist"
version = "3.29.2-GA"
packaging = "jar"
[entries.file_digest]
fingerprint = "a90ddb25135df9e57ea9bd4e224e219554929758f9bae9965f29f81d60a3293f"
serialized_bytes_length = 794137
