{
  "allow_builds": true,
  "allow_prereleases": false,
  "allow_wheels": true,
  "build_isolation": true,
  "constraints": [],
  "elide_unused_requires_dist": false,
  "excluded": [],
  "locked_resolves": [
    {
      "locked_requirements": [
        {
          "artifacts": [
            {
              "algorithm": "sha256",
              "hash": "1aa149fc5c6589e3d0ece885b4491acd80af4f087baafa3fb5203b113e68cd3c",
              "url": "https://files.pythonhosted.org/packages/16/b6/c0b5394ec6149e0129421f1a762b805e0e583974bc3cd65e3c7ce7c95444/astroid-2.15.8-py3-none-any.whl"
            },
            {
              "algorithm": "sha256",
              "hash": "6c107453dffee9055899705de3c9ead36e74119cee151e5a9aaf7f0b0e020a6a",
              "url": "https://files.pythonhosted.org/packages/58/3d/c18b0854d0d2eb3aca20c149cff5c90e6b84a5366066768d98636f5045ed/astroid-2.15.8.tar.gz"
            }
          ],
          "project_name": "astroid",
          "requires_dists": [
            "lazy-object-proxy>=1.4.0",
            "typed-ast<2.0,>=1.4.0; implementation_name == \"cpython\" and python_version < \"3.8\"",
            "typing-extensions>=4.0.0; python_version < \"3.11\"",
            "wrapt<2,>=1.11; python_version < \"3.11\"",
            "wrapt<2,>=1.14; python_version >= \"3.11\""
          ],
          "requires_python": ">=3.7.2",
          "version": "2.15.8"
        },
        {
          "artifacts": [
            {
              "algorithm": "sha256",
              "hash": "44f54bf6412c2c8464c14e8243eb163690a9800dbe2c367330883b19c7561049",
              "url": "https://files.pythonhosted.org/packages/50/3d/9373ad9c56321fdab5b41197068e1d8c25883b3fea29dd361f9b55116869/dill-0.4.0-py3-none-any.whl"
            },
            {
              "algorithm": "sha256",
              "hash": "0633f1d2df477324f53a895b02c901fb961bdbf65a17122586ea7019292cbcf0",
              "url": "https://files.pythonhosted.org/packages/12/80/630b4b88364e9a8c8c5797f4602d0f76ef820909ee32f0bacb9f90654042/dill-0.4.0.tar.gz"
            }
          ],
          "project_name": "dill",
          "requires_dists": [
            "gprof2dot>=2022.7.29; extra == \"profile\"",
            "objgraph>=1.7.2; extra == \"graph\""
          ],
          "requires_python": ">=3.8",
          "version": "0.4.0"
        },
        {
          "artifacts": [
            {
              "algorithm": "sha256",
              "hash": "8ca5e72a8d85860d5a3fa69b8745237f2939afe12dbf656afbcb47fe72d947a6",
              "url": "https://files.pythonhosted.org/packages/d1/b3/8def84f539e7d2289a02f0524b944b15d7c75dab7628bedf1c4f0992029c/isort-5.13.2-py3-none-any.whl"
            },
            {
              "algorithm": "sha256",
              "hash": "48fdfcb9face5d58a4f6dde2e72a1fb8dcaf8ab26f95ab49fab84c2ddefb0109",
              "url": "https://files.pythonhosted.org/packages/87/f9/c1eb8635a24e87ade2efce21e3ce8cd6b8630bb685ddc9cdaca1349b2eb5/isort-5.13.2.tar.gz"
            }
          ],
          "project_name": "isort",
          "requires_dists": [
            "colorama>=0.4.6; extra == \"colors\""
          ],
          "requires_python": ">=3.8.0",
          "version": "5.13.2"
        },
        {
          "artifacts": [
            {
              "algorithm": "sha256",
              "hash": "9a3a87cf1e133e5b1994144c12ca4aa3d9698517fe1e2ca82977781b16955658",
              "url": "https://files.pythonhosted.org/packages/8e/ae/3e15cffacbdb64ac49930cdbc23cb0c67e1bb9e8a8ca7765fd8a8d2510c3/lazy_object_proxy-1.10.0-cp39-cp39-musllinux_1_1_x86_64.whl"
            },
            {
              "algorithm": "sha256",
              "hash": "02c83f957782cbbe8136bee26416686a6ae998c7b6191711a04da776dc9e47d4",
              "url": "https://files.pythonhosted.org/packages/1a/76/6a41de4b44d1dcfe4c720d4606de0d7b69b6b450f0bdce16f2e1fb8abc89/lazy_object_proxy-1.10.0-cp311-cp311-manylinux_2_17_aarch64.manylinux2014_aarch64.whl"
            },
            {
              "algorithm": "sha256",
              "hash": "009e6bb1f1935a62889ddc8541514b6a9e1fcf302667dcb049a0be5c8f613e56",
              "url": "https://files.pythonhosted.org/packages/1e/5d/eaa12126e8989c9bdd21d864cbba2b258cb9ee2f574ada1462a0004cfad8/lazy_object_proxy-1.10.0-cp311-cp311-manylinux_2_5_x86_64.manylinux1_x86_64.manylinux_2_17_x86_64.manylinux2014_x86_64.whl"
            },
            {
              "algorithm": "sha256",
              "hash": "2297f08f08a2bb0d32a4265e98a006643cd7233fb7983032bd61ac7a02956b3b",
              "url": "https://files.pythonhosted.org/packages/20/44/7d3b51ada1ddf873b136e2fa1d68bf3ee7b406b0bd9eeb97445932e2bfe1/lazy_object_proxy-1.10.0-cp39-cp39-manylinux_2_17_aarch64.manylinux2014_aarch64.whl"
            },
            {
              "algorithm": "sha256",
              "hash": "78247b6d45f43a52ef35c25b5581459e85117225408a4128a3daf8bf9648ac69",
              "url": "https://files.pythonhosted.org/packages/2c/f0/f02e2d150d581a294efded4020094a371bbab42423fe78625ac18854d89b/lazy-object-proxy-1.10.0.tar.gz"
            },
            {
              "algorithm": "sha256",
              "hash": "80b39d3a151309efc8cc48675918891b865bdf742a8616a337cb0090791a0de9",
              "url": "https://files.pythonhosted.org/packages/44/46/3771e0a4315044aa7b67da892b2fb1f59dfcf0eaff2c8967b2a0a85d5896/lazy_object_proxy-1.10.0-cp312-cp312-manylinux_2_5_x86_64.manylinux1_x86_64.manylinux_2_17_x86_64.manylinux2014_x86_64.whl"
            },
            {
              "algorithm": "sha256",
              "hash": "7ab7004cf2e59f7c2e4345604a3e6ea0d92ac44e1c2375527d56492014e690c3",
              "url": "https://files.pythonhosted.org/packages/4a/0d/b325461e43dde8d7644e9b9e9dd57f2a4af472b588c51ccbc92778e60ea4/lazy_object_proxy-1.10.0-cp310-cp310-manylinux_2_17_aarch64.manylinux2014_aarch64.whl"
            },
            {
              "algorithm": "sha256",
              "hash": "75fc59fc450050b1b3c203c35020bc41bd2695ed692a392924c6ce180c6f1dc9",
              "url": "https://files.pythonhosted.org/packages/53/a9/6f22cfe9572929656988b72c0de266c5d10755369b575322725f67364c4e/lazy_object_proxy-1.10.0-cp311-cp311-musllinux_1_1_aarch64.whl"
            },
            {
              "algorithm": "sha256",
              "hash": "5ad9e6ed739285919aa9661a5bbed0aaf410aa60231373c5579c6b4801bd883c",
              "url": "https://files.pythonhosted.org/packages/77/18/b78391424f3e35147b0e4d280dda0320c29ee9930b908e42fbe7920b2492/lazy_object_proxy-1.10.0-cp38-cp38-manylinux_2_17_aarch64.manylinux2014_aarch64.whl"
            },
            {
              "algorithm": "sha256",
              "hash": "e221060b701e2aa2ea991542900dd13907a5c90fa80e199dbf5a03359019e7a3",
              "url": "https://files.pythonhosted.org/packages/81/39/84ce4740718e1c700bd04d3457ac92b2e9ce76529911583e7a2bf4d96eb2/lazy_object_proxy-1.10.0-cp312-cp312-musllinux_1_1_aarch64.whl"
            },
            {
              "algorithm": "sha256",
              "hash": "92f09ff65ecff3108e56526f9e2481b8116c0b9e1425325e13245abfd79bdb1b",
              "url": "https://files.pythonhosted.org/packages/86/3b/d6b65da2b864822324745c0a73fe7fd86c67ccea54173682c3081d7adea8/lazy_object_proxy-1.10.0-cp312-cp312-musllinux_1_1_x86_64.whl"
            },
            {
              "algorithm": "sha256",
              "hash": "b1f711e2c6dcd4edd372cf5dec5c5a30d23bba06ee012093267b3376c079ec83",
              "url": "https://files.pythonhosted.org/packages/8b/9b/908e12e5fa265ea1579261ff80f7b2136fd2ba254bc7f4f7e3dba83fd0f2/lazy_object_proxy-1.10.0-cp310-cp310-musllinux_1_1_x86_64.whl"
            },
            {
              "algorithm": "sha256",
              "hash": "dc0d2fc424e54c70c4bc06787e4072c4f3b1aa2f897dfdc34ce1013cf3ceef05",
              "url": "https://files.pythonhosted.org/packages/8b/fc/83711d743fb5aaca5747bbf225fe3b5cbe085c7f6c115856b5cce80f3224/lazy_object_proxy-1.10.0-cp310-cp310-manylinux_2_5_x86_64.manylinux1_x86_64.manylinux_2_17_x86_64.manylinux2014_x86_64.whl"
            },
            {
              "algorithm": "sha256",
              "hash": "855e068b0358ab916454464a884779c7ffa312b8925c6f7401e952dcf3b89977",
              "url": "https://files.pythonhosted.org/packages/8d/42/a96d9d153f6ea38b925494cb9b42cf4a9f98fd30cad3124fc22e9d04ec34/lazy_object_proxy-1.10.0-cp310-cp310-macosx_10_9_x86_64.whl"
            },
            {
              "algorithm": "sha256",
              "hash": "e2adb09778797da09d2b5ebdbceebf7dd32e2c96f79da9052b2e87b6ea495895",
              "url": "https://files.pythonhosted.org/packages/8d/b5/ea47215abd4da45791664d7bbfe2976ca0de2c37af38b5e9e6cf89e0e65e/lazy_object_proxy-1.10.0-cp310-cp310-musllinux_1_1_aarch64.whl"
            },
            {
              "algorithm": "sha256",
              "hash": "18dd842b49456aaa9a7cf535b04ca4571a302ff72ed8740d06b5adcd41fe0757",
              "url": "https://files.pythonhosted.org/packages/ab/be/d0a76dd4404ee68c7dd611c9b48e58b5c70ac5458e4c951b2c8923c24dd9/lazy_object_proxy-1.10.0-cp39-cp39-manylinux_2_5_x86_64.manylinux1_x86_64.manylinux_2_17_x86_64.manylinux2014_x86_64.whl"
            },
            {
              "algorithm": "sha256",
              "hash": "952c81d415b9b80ea261d2372d2a4a2332a3890c2b83e0535f263ddfe43f0d43",
              "url": "https://files.pythonhosted.org/packages/b3/ce/f369815549dbfa4bebed541fa4e1561d69e4f268a1f6f77da886df182dab/lazy_object_proxy-1.10.0-cp312-cp312-manylinux_2_17_aarch64.manylinux2014_aarch64.whl"
            },
            {
              "algorithm": "sha256",
              "hash": "2fc0a92c02fa1ca1e84fc60fa258458e5bf89d90a1ddaeb8ed9cc3147f417255",
              "url": "https://files.pythonhosted.org/packages/b8/75/4669e1a7e7150e81ac27acc602ae61a37b4cc950c1ed3bd13b8d518bc026/lazy_object_proxy-1.10.0-cp38-cp38-manylinux_2_5_x86_64.manylinux1_x86_64.manylinux_2_17_x86_64.manylinux2014_x86_64.whl"
            },
            {
              "algorithm": "sha256",
              "hash": "366c32fe5355ef5fc8a232c5436f4cc66e9d3e8967c01fb2e6302fd6627e3d94",
              "url": "https://files.pythonhosted.org/packages/bc/2f/b9230d00c2eaa629e67cc69f285bf6b5692cb1d0179a1f8764edd451da86/lazy_object_proxy-1.10.0-cp39-cp39-macosx_10_9_x86_64.whl"
            },
            {
              "algorithm": "sha256",
              "hash": "782e2c9b2aab1708ffb07d4bf377d12901d7a1d99e5e410d648d892f8967ab1f",
              "url": "https://files.pythonhosted.org/packages/bd/e6/b10fd94710a99a6309f3ad61a4eb480944bbb17fcb41bd2d852fdbee57ee/lazy_object_proxy-1.10.0-cp311-cp311-musllinux_1_1_x86_64.whl"
            },
            {
              "algorithm": "sha256",
              "hash": "9e4ed0518a14dd26092614412936920ad081a424bdcb54cc13349a8e2c6d106a",
              "url": "https://files.pythonhosted.org/packages/be/11/23bcc3a85c9df7326d332b29172eaa088a3ebecb2674f257de2599e36aeb/lazy_object_proxy-1.10.0-cp38-cp38-macosx_10_9_x86_64.whl"
            },
            {
              "algorithm": "sha256",
              "hash": "0aefc7591920bbd360d57ea03c995cebc204b424524a5bd78406f6e1b8b2a5d8",
              "url": "https://files.pythonhosted.org/packages/c8/a2/c99adb712e6ec8387d608c73d5b7a4a459c1c7813f38ee869f605bdc3f38/lazy_object_proxy-1.10.0-cp38-cp38-musllinux_1_1_aarch64.whl"
            },
            {
              "algorithm": "sha256",
              "hash": "e98c8af98d5707dcdecc9ab0863c0ea6e88545d42ca7c3feffb6b4d1e370c7ba",
              "url": "https://files.pythonhosted.org/packages/d0/5d/768a7f2ccebb29604def61842fd54f6f5f75c79e366ee8748dda84de0b13/lazy_object_proxy-1.10.0-cp312-cp312-macosx_10_9_x86_64.whl"
            },
            {
              "algorithm": "sha256",
              "hash": "217138197c170a2a74ca0e05bddcd5f1796c735c37d0eee33e43259b192aa424",
              "url": "https://files.pythonhosted.org/packages/d4/f8/d2d0d5caadf41c2d1fc9044dfc0e10d2831fb4ab6a077e68d25ea5bbff3b/lazy_object_proxy-1.10.0-cp39-cp39-musllinux_1_1_aarch64.whl"
            },
            {
              "algorithm": "sha256",
              "hash": "5faf03a7d8942bb4476e3b62fd0f4cf94eaf4618e304a19865abf89a35c0bbee",
              "url": "https://files.pythonhosted.org/packages/f0/84/efe5dfb7c456bd3baa134dc2a4d7c891e7ce15a14c642cbfbcf50ff038ed/lazy_object_proxy-1.10.0-cp38-cp38-musllinux_1_1_x86_64.whl"
            },
            {
              "algorithm": "sha256",
              "hash": "fec03caabbc6b59ea4a638bee5fce7117be8e99a4103d9d5ad77f15d6f81020c",
              "url": "https://files.pythonhosted.org/packages/ff/e1/99a7ec68b892c9b8c6212617f54e7e9b0304d47edad8c0ff043ae3aeb1a9/lazy_object_proxy-1.10.0-cp311-cp311-macosx_10_9_x86_64.whl"
            }
          ],
          "project_name": "lazy-object-proxy",
          "requires_dists": [],
          "requires_python": ">=3.8",
          "version": "1.10.0"
        },
        {
          "artifacts": [
            {
              "algorithm": "sha256",
              "hash": "6c2d30ab6be0e4a46919781807b4f0d834ebdd6c6e3dca0bda5a15f863427b6e",
              "url": "https://files.pythonhosted.org/packages/27/1a/1f68f9ba0c207934b35b86a8ca3aad8395a3d6dd7921c0686e23853ff5a9/mccabe-0.7.0-py2.py3-none-any.whl"
            },
            {
              "algorithm": "sha256",
              "hash": "348e0240c33b60bbdf4e523192ef919f28cb2c3d7d5c7794f74009290f236325",
              "url": "https://files.pythonhosted.org/packages/e7/ff/0ffefdcac38932a54d2b5eed4e0ba8a408f215002cd178ad1df0f2806ff8/mccabe-0.7.0.tar.gz"
            }
          ],
          "project_name": "mccabe",
          "requires_dists": [],
          "requires_python": ">=3.6",
          "version": "0.7.0"
        },
        {
          "artifacts": [
            {
              "algorithm": "sha256",
              "hash": "73e575e1408ab8103900836b97580d5307456908a03e92031bab39e4554cc3fb",
              "url": "https://files.pythonhosted.org/packages/3c/a6/bc1012356d8ece4d66dd75c4b9fc6c1f6650ddd5991e421177d9f8f671be/platformdirs-4.3.6-py3-none-any.whl"
            },
            {
              "algorithm": "sha256",
              "hash": "357fb2acbc885b0419afd3ce3ed34564c13c9b95c89360cd9563f73aa5e2b907",
              "url": "https://files.pythonhosted.org/packages/13/fc/128cc9cb8f03208bdbf93d3aa862e16d376844a14f9a0ce5cf4507372de4/platformdirs-4.3.6.tar.gz"
            }
          ],
          "project_name": "platformdirs",
          "requires_dists": [
            "appdirs==1.4.4; extra == \"test\"",
            "covdefaults>=2.3; extra == \"test\"",
            "furo>=2024.8.6; extra == \"docs\"",
            "mypy>=1.11.2; extra == \"type\"",
            "proselint>=0.14; extra == \"docs\"",
            "pytest-cov>=5; extra == \"test\"",
            "pytest-mock>=3.14; extra == \"test\"",
            "pytest>=8.3.2; extra == \"test\"",
            "sphinx-autodoc-typehints>=2.4; extra == \"docs\"",
            "sphinx>=8.0.2; extra == \"docs\""
          ],
          "requires_python": ">=3.8",
          "version": "4.3.6"
        },
        {
          "artifacts": [
            {
              "algorithm": "sha256",
              "hash": "27a8d4c7ddc8c2f8c18aa0050148f89ffc09838142193fdbe98f172781a3ff87",
              "url": "https://files.pythonhosted.org/packages/b4/49/cea450a83079445a84f16050e571a7c383d3f474b13c5caedfebd4e35def/pylint-2.17.7-py3-none-any.whl"
            },
            {
              "algorithm": "sha256",
              "hash": "f4fcac7ae74cfe36bc8451e931d8438e4a476c20314b1101c458ad0f05191fad",
              "url": "https://files.pythonhosted.org/packages/a3/e9/21f9ce3e4b81eef011be070a29f8a5c193e2488ed8713a898baa4e8b3362/pylint-2.17.7.tar.gz"
            }
          ],
          "project_name": "pylint",
          "requires_dists": [
            "astroid<=2.17.0-dev0,>=2.15.8",
            "colorama>=0.4.5; sys_platform == \"win32\"",
            "dill>=0.2; python_version < \"3.11\"",
            "dill>=0.3.6; python_version >= \"3.11\"",
            "gitpython>3; extra == \"testutils\"",
            "isort<6,>=4.2.5",
            "mccabe<0.8,>=0.6",
            "platformdirs>=2.2.0",
            "pyenchant~=3.2; extra == \"spelling\"",
            "tomli>=1.1.0; python_version < \"3.11\"",
            "tomlkit>=0.10.1",
            "typing-extensions>=3.10.0; python_version < \"3.10\""
          ],
          "requires_python": ">=3.7.2",
          "version": "2.17.7"
        },
        {
          "artifacts": [
            {
              "algorithm": "sha256",
              "hash": "e95b1af3c5b07d9e643909b5abbec77cd9f1217e6d0bca72b0234736b9fb1f1b",
              "url": "https://files.pythonhosted.org/packages/77/b8/0135fadc89e73be292b473cb820b4f5a08197779206b33191e801feeae40/tomli-2.3.0-py3-none-any.whl"
            },
            {
              "algorithm": "sha256",
              "hash": "e31d432427dcbf4d86958c184b9bfd1e96b5b71f8eb17e6d02531f434fd335b8",
              "url": "https://files.pythonhosted.org/packages/45/12/ad5126d3a278f27e6701abde51d342aa78d06e27ce2bb596a01f7709a5a2/tomli-2.3.0-cp312-cp312-musllinux_1_2_aarch64.whl"
            },
            {
              "algorithm": "sha256",
              "hash": "4f195fe57ecceac95a66a75ac24d9d5fbc98ef0962e09b2eddec5d39375aae52",
              "url": "https://files.pythonhosted.org/packages/45/e5/7c5119ff39de8693d6baab6c0b6dcb556d192c165596e9fc231ea1052041/tomli-2.3.0-cp312-cp312-manylinux2014_x86_64.manylinux_2_17_x86_64.manylinux_2_28_x86_64.whl"
            },
            {
              "algorithm": "sha256",
              "hash": "d1381caf13ab9f300e30dd8feadb3de072aeb86f1d34a8569453ff32a7dea4bf",
              "url": "https://files.pythonhosted.org/packages/47/5c/24935fb6a2ee63e86d80e4d3b58b222dafaf438c416752c8b58537c8b89a/tomli-2.3.0-cp311-cp311-manylinux2014_aarch64.manylinux_2_17_aarch64.manylinux_2_28_aarch64.whl"
            },
            {
              "algorithm": "sha256",
              "hash": "64be704a875d2a59753d80ee8a533c3fe183e3f06807ff7dc2232938ccb01549",
              "url": "https://files.pythonhosted.org/packages/52/ed/3f73f72945444548f33eba9a87fc7a6e969915e7b1acc8260b30e1f76a2f/tomli-2.3.0.tar.gz"
            },
            {
              "algorithm": "sha256",
              "hash": "792262b94d5d0a466afb5bc63c7daa9d75520110971ee269152083270998316f",
              "url": "https://files.pythonhosted.org/packages/60/83/59bff4996c2cf9f9387a0f5a3394629c7efa5ef16142076a23a90f1955fa/tomli-2.3.0-cp312-cp312-manylinux2014_aarch64.manylinux_2_17_aarch64.manylinux_2_28_aarch64.whl"
            },
            {
              "algorithm": "sha256",
              "hash": "0a154a9ae14bfcf5d8917a59b51ffd5a3ac1fd149b71b47a3a104ca4edcfa845",
              "url": "https://files.pythonhosted.org/packages/70/8c/f48ac899f7b3ca7eb13af73bacbc93aec37f9c954df3c08ad96991c8c373/tomli-2.3.0-cp311-cp311-musllinux_1_2_aarch64.whl"
            },
            {
              "algorithm": "sha256",
              "hash": "883b1c0d6398a6a9d29b508c331fa56adbcdff647f6ace4dfca0f50e90dfd0ba",
              "url": "https://files.pythonhosted.org/packages/86/7f/d8fffe6a7aefdb61bced88fcb5e280cfd71e08939da5894161bd71bea022/tomli-2.3.0-cp311-cp311-macosx_11_0_arm64.whl"
            },
            {
              "algorithm": "sha256",
              "hash": "a0e285d2649b78c0d9027570d4da3425bdb49830a6156121360b3f8511ea3441",
              "url": "https://files.pythonhosted.org/packages/89/da/75dfd804fc11e6612846758a23f13271b76d577e299592b4371a4ca4cd09/tomli-2.3.0-cp311-cp311-manylinux2014_x86_64.manylinux_2_17_x86_64.manylinux_2_28_x86_64.whl"
            },
            {
              "algorithm": "sha256",
              "hash": "88bd15eb972f3664f5ed4b57c1634a97153b4bac4479dcb6a495f41921eb7f45",
              "url": "https://files.pythonhosted.org/packages/b3/2e/299f62b401438d5fe1624119c723f5d877acc86a4c2492da405626665f12/tomli-2.3.0-cp311-cp311-macosx_10_9_x86_64.whl"
            },
            {
              "algorithm": "sha256",
              "hash": "74bf8464ff93e413514fefd2be591c3b0b23231a77f901db1eb30d6f712fc42c",
              "url": "https://files.pythonhosted.org/packages/ba/28/72f8afd73f1d0e7829bfc093f4cb98ce0a40ffc0cc997009ee1ed94ba705/tomli-2.3.0-cp311-cp311-musllinux_1_2_x86_64.whl"
            },
            {
              "algorithm": "sha256",
              "hash": "73ee0b47d4dad1c5e996e3cd33b8a76a50167ae5f96a2607cbe8cc773506ab22",
              "url": "https://files.pythonhosted.org/packages/f9/3f/d9dd692199e3b3aab2e4e4dd948abd0f790d9ded8cd10cbaae276a898434/tomli-2.3.0-cp312-cp312-macosx_11_0_arm64.whl"
            },
            {
              "algorithm": "sha256",
              "hash": "7b0882799624980785240ab732537fcfc372601015c00f7fc367c55308c186f6",
              "url": "https://files.pythonhosted.org/packages/fb/a1/4d6865da6a71c603cfe6ad0e6556c73c76548557a8d658f9e3b142df245f/tomli-2.3.0-cp312-cp312-musllinux_1_2_x86_64.whl"
            },
            {
              "algorithm": "sha256",
              "hash": "d7d86942e56ded512a594786a5ba0a5e521d02529b3826e7761a05138341a2ac",
              "url": "https://files.pythonhosted.org/packages/ff/b7/40f36368fcabc518bb11c8f06379a0fd631985046c038aca08c6d6a43c6e/tomli-2.3.0-cp312-cp312-macosx_10_13_x86_64.whl"
            }
          ],
          "project_name": "tomli",
          "requires_dists": [],
          "requires_python": ">=3.8",
          "version": "2.3.0"
        },
        {
          "artifacts": [
            {
              "algorithm": "sha256",
              "hash": "c89c649d79ee40629a9fda55f8ace8c6a1b42deb912b2a8fd8d942ddadb606b0",
              "url": "https://files.pythonhosted.org/packages/bd/75/8539d011f6be8e29f339c42e633aae3cb73bffa95dd0f9adec09b9c58e85/tomlkit-0.13.3-py3-none-any.whl"
            },
            {
              "algorithm": "sha256",
              "hash": "430cf247ee57df2b94ee3fbe588e71d362a941ebb545dec29b53961d61add2a1",
              "url": "https://files.pythonhosted.org/packages/cc/18/0bbf3884e9eaa38819ebe46a7bd25dcd56b67434402b66a58c4b8e552575/tomlkit-0.13.3.tar.gz"
            }
          ],
          "project_name": "tomlkit",
          "requires_dists": [],
          "requires_python": ">=3.8",
          "version": "0.13.3"
        },
        {
          "artifacts": [
            {
              "algorithm": "sha256",
              "hash": "a439e7c04b49fec3e5d3e2beaa21755cadbbdc391694e28ccdd36ca4a1408f8c",
              "url": "https://files.pythonhosted.org/packages/8b/54/b1ae86c0973cc6f0210b53d508ca3641fb6d0c56823f288d108bc7ab3cc8/typing_extensions-4.13.2-py3-none-any.whl"
            },
            {
              "algorithm": "sha256",
              "hash": "e6c81219bd689f51865d9e372991c540bda33a0379d5573cddb9a3a23f7caaef",
              "url": "https://files.pythonhosted.org/packages/f6/37/23083fcd6e35492953e8d2aaaa68b860eb422b34627b13f2ce3eb6106061/typing_extensions-4.13.2.tar.gz"
            }
          ],
          "project_name": "typing-extensions",
          "requires_dists": [],
          "requires_python": ">=3.8",
          "version": "4.13.2"
        },
        {
          "artifacts": [
            {
              "algorithm": "sha256",
              "hash": "7171ae35d2c33d326ac19dd8facb1e82e5fd04ef8c6c0e394d7af55a55051c22",
              "url": "https://files.pythonhosted.org/packages/1f/f6/a933bd70f98e9cf3e08167fc5cd7aaaca49147e48411c0bd5ae701bb2194/wrapt-1.17.3-py3-none-any.whl"
            },
            {
              "algorithm": "sha256",
              "hash": "46acc57b331e0b3bcb3e1ca3b421d65637915cfcd65eb783cb2f78a511193f9b",
              "url": "https://files.pythonhosted.org/packages/04/9c/a56b5ac0e2473bdc3fb11b22dd69ff423154d63861cf77911cdde5e38fd2/wrapt-1.17.3-cp39-cp39-musllinux_1_2_x86_64.whl"
            },
            {
              "algorithm": "sha256",
              "hash": "33486899acd2d7d3066156b03465b949da3fd41a5da6e394ec49d271baefcf05",
              "url": "https://files.pythonhosted.org/packages/0c/c4/5eb4ce0d4814521fee7aa806264bf7a114e748ad05110441cd5b8a5c744b/wrapt-1.17.3-cp310-cp310-musllinux_1_2_aarch64.whl"
            },
            {
              "algorithm": "sha256",
              "hash": "79573c24a46ce11aab457b472efd8d125e5a51da2d1d24387666cd85f54c05b2",
              "url": "https://files.pythonhosted.org/packages/1e/d7/4ad5327612173b144998232f98a85bb24b60c352afb73bc48e3e0d2bdc4e/wrapt-1.17.3-cp311-cp311-musllinux_1_2_x86_64.whl"
            },
            {
              "algorithm": "sha256",
              "hash": "a9a2203361a6e6404f80b99234fe7fb37d1fc73487b5a78dc1aa5b97201e0f22",
              "url": "https://files.pythonhosted.org/packages/21/25/2f16a3f05a465a29675c7ce835e87e34525d5f302b52f7ba4d5665b25697/wrapt-1.17.3-cp38-cp38-musllinux_1_2_x86_64.whl"
            },
            {
              "algorithm": "sha256",
              "hash": "0610b46293c59a3adbae3dee552b648b984176f8562ee0dba099a56cfbe4df1f",
              "url": "https://files.pythonhosted.org/packages/31/25/3e8cc2c46b5329c5957cec959cb76a10718e1a513309c31399a4dad07eb3/wrapt-1.17.3-cp311-cp311-macosx_11_0_arm64.whl"
            },
            {
              "algorithm": "sha256",
              "hash": "e6f40a8aa5a92f150bdb3e1c44b7e98fb7113955b2e5394122fa5532fec4b418",
              "url": "https://files.pythonhosted.org/packages/31/4b/819e9e0eb5c8dc86f60dfc42aa4e2c0d6c3db8732bce93cc752e604bb5f5/wrapt-1.17.3-cp310-cp310-musllinux_1_2_x86_64.whl"
            },
            {
              "algorithm": "sha256",
              "hash": "8cccf4f81371f257440c88faed6b74f1053eef90807b77e31ca057b2db74edb1",
              "url": "https://files.pythonhosted.org/packages/31/57/4930cb8d9d70d59c27ee1332a318c20291749b4fba31f113c2f8ac49a72e/wrapt-1.17.3-cp311-cp311-manylinux2014_aarch64.manylinux_2_17_aarch64.manylinux_2_28_aarch64.whl"
            },
            {
              "algorithm": "sha256",
              "hash": "6b538e31eca1a7ea4605e44f81a48aa24c4632a277431a6ed3f328835901f4fd",
              "url": "https://files.pythonhosted.org/packages/33/df/bdf864b8997aab4febb96a9ae5c124f700a5abd9b5e13d2a3214ec4be705/wrapt-1.17.3-cp312-cp312-macosx_11_0_arm64.whl"
            },
            {
              "algorithm": "sha256",
              "hash": "74afa28374a3c3a11b3b5e5fca0ae03bef8450d6aa3ab3a1e2c30e3a75d023dc",
              "url": "https://files.pythonhosted.org/packages/3c/51/d81abca783b58f40a154f1b2c56db1d2d9e0d04fa2d4224e357529f57a57/wrapt-1.17.3-cp312-cp312-musllinux_1_2_x86_64.whl"
            },
            {
              "algorithm": "sha256",
              "hash": "88bbae4d40d5a46142e70d58bf664a89b6b4befaea7b2ecc14e03cedb8e06c04",
              "url": "https://files.pythonhosted.org/packages/3f/23/bb82321b86411eb51e5a5db3fb8f8032fd30bd7c2d74bfe936136b2fa1d6/wrapt-1.17.3-cp310-cp310-macosx_10_9_universal2.whl"
            },
            {
              "algorithm": "sha256",
              "hash": "30ce38e66630599e1193798285706903110d4f057aab3168a34b7fdc85569afc",
              "url": "https://files.pythonhosted.org/packages/41/be/be9b3b0a461ee3e30278706f3f3759b9b69afeedef7fe686036286c04ac6/wrapt-1.17.3-cp39-cp39-macosx_10_9_universal2.whl"
            },
            {
              "algorithm": "sha256",
              "hash": "7e18f01b0c3e4a07fe6dfdb00e29049ba17eadbc5e7609a2a3a4af83ab7d710a",
              "url": "https://files.pythonhosted.org/packages/43/46/dd0791943613885f62619f18ee6107e6133237a6b6ed8a9ecfac339d0b4f/wrapt-1.17.3-cp39-cp39-manylinux1_x86_64.manylinux_2_28_x86_64.manylinux_2_5_x86_64.whl"
            },
            {
              "algorithm": "sha256",
              "hash": "e6b13af258d6a9ad602d57d889f83b9d5543acd471eee12eb51f5b01f8eb1bc2",
              "url": "https://files.pythonhosted.org/packages/45/69/f3c47642b79485a30a59c63f6d739ed779fb4cc8323205d047d741d55220/wrapt-1.17.3-cp310-cp310-macosx_10_9_x86_64.whl"
            },
            {
              "algorithm": "sha256",
              "hash": "a7c06742645f914f26c7f1fa47b8bc4c91d222f76ee20116c43d5ef0912bba2d",
              "url": "https://files.pythonhosted.org/packages/48/f1/23950c29a25637b74b322f9e425a17cc01a478f6afb35138ecb697f9558d/wrapt-1.17.3-cp39-cp39-macosx_11_0_arm64.whl"
            },
            {
              "algorithm": "sha256",
              "hash": "273a736c4645e63ac582c60a56b0acb529ef07f78e08dc6bfadf6a46b19c0da7",
              "url": "https://files.pythonhosted.org/packages/52/db/00e2a219213856074a213503fdac0511203dceefff26e1daa15250cc01a0/wrapt-1.17.3-cp311-cp311-macosx_10_9_universal2.whl"
            },
            {
              "algorithm": "sha256",
              "hash": "b32888aad8b6e68f83a8fdccbf3165f5469702a7544472bdf41f582970ed3311",
              "url": "https://files.pythonhosted.org/packages/5d/8f/a32a99fc03e4b37e31b57cb9cefc65050ea08147a8ce12f288616b05ef54/wrapt-1.17.3-cp311-cp311-manylinux1_x86_64.manylinux_2_28_x86_64.manylinux_2_5_x86_64.whl"
            },
            {
              "algorithm": "sha256",
              "hash": "5531d911795e3f935a9c23eb1c8c03c211661a5060aab167065896bbf62a5f85",
              "url": "https://files.pythonhosted.org/packages/5e/30/ca3c4a5eba478408572096fe9ce36e6e915994dd26a4e9e98b4f729c06d9/wrapt-1.17.3-cp311-cp311-macosx_10_9_x86_64.whl"
            },
            {
              "algorithm": "sha256",
              "hash": "9baa544e6acc91130e926e8c802a17f3b16fbea0fd441b5a60f5cf2cc5c3deba",
              "url": "https://files.pythonhosted.org/packages/60/f8/096a7cc13097a1869fe44efe68dace40d2a16ecb853141394047f0780b96/wrapt-1.17.3-cp312-cp312-macosx_10_13_x86_64.whl"
            },
            {
              "algorithm": "sha256",
              "hash": "caea3e9c79d5f0d2c6d9ab96111601797ea5da8e6d0723f77eabb0d4068d2b2f",
              "url": "https://files.pythonhosted.org/packages/6a/b1/cbe84085aa5a8decf9bd4af53159e64270110781b810f3df7fa5672a2b1a/wrapt-1.17.3-cp38-cp38-macosx_11_0_arm64.whl"
            },
            {
              "algorithm": "sha256",
              "hash": "70d86fa5197b8947a2fa70260b48e400bf2ccacdcab97bb7de47e3d1e6312225",
              "url": "https://files.pythonhosted.org/packages/74/2b/035dfac90dcf051e892d777c0921a979047f9fba8ad47555957c06bca89d/wrapt-1.17.3-cp38-cp38-macosx_10_9_universal2.whl"
            },
            {
              "algorithm": "sha256",
              "hash": "59923aa12d0157f6b82d686c3fd8e1166fa8cdfb3e17b42ce3b6147ff81528df",
              "url": "https://files.pythonhosted.org/packages/8d/eb/66579aea6ad36f07617fedca8e282e49c7c9bab64c63b446cfe4f7f47a49/wrapt-1.17.3-cp39-cp39-musllinux_1_2_aarch64.whl"
            },
            {
              "algorithm": "sha256",
              "hash": "02b551d101f31694fc785e58e0720ef7d9a10c4e62c1c9358ce6f63f23e30a56",
              "url": "https://files.pythonhosted.org/packages/94/7f/681648d484ba20d8bde8e128f84775439ff15c0c2bb4a98fb3dd15c3dc16/wrapt-1.17.3-cp38-cp38-manylinux2014_aarch64.manylinux_2_17_aarch64.manylinux_2_28_aarch64.whl"
            },
            {
              "algorithm": "sha256",
              "hash": "f66eb08feaa410fe4eebd17f2a2c8e2e46d3476e9f8c783daa8e09e0faa666d0",
              "url": "https://files.pythonhosted.org/packages/95/8f/aeb76c5b46e273670962298c23e7ddde79916cb74db802131d49a85e4b7d/wrapt-1.17.3.tar.gz"
            },
            {
              "algorithm": "sha256",
              "hash": "ab232e7fdb44cdfbf55fc3afa31bcdb0d8980b9b95c38b6405df2acb672af0e0",
              "url": "https://files.pythonhosted.org/packages/9f/41/cad1aba93e752f1f9268c77270da3c469883d56e2798e7df6240dcb2287b/wrapt-1.17.3-cp312-cp312-macosx_10_13_universal2.whl"
            },
            {
              "algorithm": "sha256",
              "hash": "042ec3bb8f319c147b1301f2393bc19dba6e176b7da446853406d041c36c7828",
              "url": "https://files.pythonhosted.org/packages/9f/81/5d931d78d0eb732b95dc3ddaeeb71c8bb572fb01356e9133916cd729ecdd/wrapt-1.17.3-cp312-cp312-manylinux1_x86_64.manylinux_2_28_x86_64.manylinux_2_5_x86_64.whl"
            },
            {
              "algorithm": "sha256",
              "hash": "d8a210b158a34164de8bb68b0e7780041a903d7b00c87e906fb69928bf7890d5",
              "url": "https://files.pythonhosted.org/packages/a8/f3/1afd48de81d63dd66e01b263a6fbb86e1b5053b419b9b33d13e1f6d0f7d0/wrapt-1.17.3-cp311-cp311-musllinux_1_2_aarch64.whl"
            },
            {
              "algorithm": "sha256",
              "hash": "df7d30371a2accfe4013e90445f6388c570f103d61019b6b7c57e0265250072a",
              "url": "https://files.pythonhosted.org/packages/b3/85/af1173e9ca8e5bd30371c2367fed2f02e07d0a41869adfd8ce0e2dac25e0/wrapt-1.17.3-cp38-cp38-macosx_10_9_x86_64.whl"
            },
            {
              "algorithm": "sha256",
              "hash": "0b02e424deef65c9f7326d8c19220a2c9040c51dc165cddb732f16198c168396",
              "url": "https://files.pythonhosted.org/packages/b3/8b/48cdb60fe0603e34e05cffda0b2a4adab81fd43718e11111a4b0100fd7c1/wrapt-1.17.3-cp312-cp312-musllinux_1_2_aarch64.whl"
            },
            {
              "algorithm": "sha256",
              "hash": "65d1d00fbfb3ea5f20add88bbc0f815150dbbde3b026e6c24759466c8b5a9ef9",
              "url": "https://files.pythonhosted.org/packages/b3/a8/8f61d6b8f526efc8c10e12bf80b4206099fea78ade70427846a37bc9cbea/wrapt-1.17.3-cp39-cp39-macosx_10_9_x86_64.whl"
            },
            {
              "algorithm": "sha256",
              "hash": "656873859b3b50eeebe6db8b1455e99d90c26ab058db8e427046dbc35c3140a5",
              "url": "https://files.pythonhosted.org/packages/bd/ba/656e1a9fd72d5b0110e86eeafb51ed4e2b1fab83f5ceb933315b3b13bb4b/wrapt-1.17.3-cp38-cp38-musllinux_1_2_aarch64.whl"
            },
            {
              "algorithm": "sha256",
              "hash": "3af60380ba0b7b5aeb329bc4e402acd25bd877e98b3727b0135cb5c2efdaefe9",
              "url": "https://files.pythonhosted.org/packages/ca/38/2e1785df03b3d72d34fc6252d91d9d12dc27a5c89caef3335a1bbb8908ca/wrapt-1.17.3-cp312-cp312-manylinux2014_aarch64.manylinux_2_17_aarch64.manylinux_2_28_aarch64.whl"
            },
            {
              "algorithm": "sha256",
              "hash": "fd341868a4b6714a5962c1af0bd44f7c404ef78720c7de4892901e540417111c",
              "url": "https://files.pythonhosted.org/packages/d1/71/e7e7f5670c1eafd9e990438e69d8fb46fa91a50785332e06b560c869454f/wrapt-1.17.3-cp310-cp310-macosx_11_0_arm64.whl"
            },
            {
              "algorithm": "sha256",
              "hash": "0f5f51a6466667a5a356e6381d362d259125b57f059103dd9fdc8c0cf1d14139",
              "url": "https://files.pythonhosted.org/packages/dd/ec/bb2d19bd1a614cc4f438abac13ae26c57186197920432d2a915183b15a8b/wrapt-1.17.3-cp39-cp39-manylinux2014_aarch64.manylinux_2_17_aarch64.manylinux_2_28_aarch64.whl"
            },
            {
              "algorithm": "sha256",
              "hash": "f9b2601381be482f70e5d1051a5965c25fb3625455a2bf520b5a077b22afb775",
              "url": "https://files.pythonhosted.org/packages/de/17/9f8f86755c191d6779d7ddead1a53c7a8aa18bccb7cea8e7e72dfa6a8a09/wrapt-1.17.3-cp310-cp310-manylinux1_x86_64.manylinux_2_28_x86_64.manylinux_2_5_x86_64.whl"
            },
            {
              "algorithm": "sha256",
              "hash": "343e44b2a8e60e06a7e0d29c1671a0d9951f59174f3709962b5143f60a2a98bd",
              "url": "https://files.pythonhosted.org/packages/f2/15/dd576273491f9f43dd09fce517f6c2ce6eb4fe21681726068db0d0467096/wrapt-1.17.3-cp310-cp310-manylinux2014_aarch64.manylinux_2_17_aarch64.manylinux_2_28_aarch64.whl"
            },
            {
              "algorithm": "sha256",
              "hash": "758895b01d546812d1f42204bd443b8c433c44d090248bf22689df673ccafe00",
              "url": "https://files.pythonhosted.org/packages/f5/69/f1353697728dab653f1d4267c4a5d4448f1d8cf1f5dda5b4ffbcf2d68904/wrapt-1.17.3-cp38-cp38-manylinux1_x86_64.manylinux_2_28_x86_64.manylinux_2_5_x86_64.whl"
            }
          ],
          "project_name": "wrapt",
          "requires_dists": [],
          "requires_python": ">=3.8",
          "version": "1.17.3"
        }
      ],
      "marker": null,
      "platform_tag": null
    }
  ],
  "only_builds": [],
  "only_wheels": [],
  "overridden": [],
  "path_mappings": {},
  "pex_version": "2.66.0",
  "pip_version": "25.3",
  "prefer_older_binary": false,
  "requirements": [
    "pylint<3,>=2.1.3"
  ],
  "requires_python": [
    "CPython<3.13,>=3.8"
  ],
  "resolver_version": "pip-2020-resolver",
  "style": "universal",
  "target_systems": [
    "linux",
    "mac"
  ],
  "transitive": true,
  "use_pep517": null,
  "use_system_time": false
}
