{
  "allow_builds": true,
  "allow_prereleases": false,
  "allow_wheels": true,
  "build_isolation": true,
  "constraints": [],
  "elide_unused_requires_dist": false,
  "excluded": [],
  "locked_resolves": [
    {
      "locked_requirements": [
        {
          "artifacts": [
            {
              "algorithm": "sha256",
              "hash": "8df0b4f0deceae9faf37bf5f1ad1b46fa5bc7c1731d016df0bdec2513ec82750",
              "url": "https://files.pythonhosted.org/packages/02/e6/c142be7a103580b65fab706bebe0626c695f677acacbbbbd8852733659fb/elfdeps-0.2.0-py3-none-any.whl"
            },
            {
              "algorithm": "sha256",
              "hash": "d99002612d9e08548e14dda6396c7146071cf4150d674eb98f4ced0ea052968b",
              "url": "https://files.pythonhosted.org/packages/a4/d8/bc6a3d2a99ee83733bfc825201baf53700fbad7bab026a40377a1de2fa6f/elfdeps-0.2.0.tar.gz"
            }
          ],
          "project_name": "elfdeps",
          "requires_dists": [
            "coverage[toml]; extra == \"test\"",
            "pyelftools",
            "pytest; extra == \"test\""
          ],
          "requires_python": ">=3.10",
          "version": "0.2.0"
        },
        {
          "artifacts": [
            {
              "algorithm": "sha256",
              "hash": "f215ad5f47d3f1373a21496a6c9e0707c622840d0622f23ff7ce08678b020036",
              "url": "https://files.pythonhosted.org/packages/46/2a/f9697576603dae937727827505a6126a066affb227034e77e6f9068910da/pyelftools-0.33-py3-none-any.whl"
            },
            {
              "algorithm": "sha256",
              "hash": "660d82dcbeb8e83d1702bd97f223f761625da06111c0cc988eac6b8ab0c1b61f",
              "url": "https://files.pythonhosted.org/packages/a3/11/767522582afab1b884d277de0e6e011640cb9d7292a38694b4b1a1df1ae8/pyelftools-0.33.tar.gz"
            }
          ],
          "project_name": "pyelftools",
          "requires_dists": [],
          "requires_python": ">=3.10",
          "version": "0.33"
        }
      ],
      "marker": null,
      "platform_tag": null
    }
  ],
  "only_builds": [],
  "only_wheels": [],
  "overridden": [],
  "path_mappings": {},
  "pex_version": "2.95.1",
  "pip_version": "26.1.1",
  "prefer_older_binary": false,
  "requirements": [
    "elfdeps>=0.2.0"
  ],
  "requires_python": [
    "CPython<3.15,>=3.10"
  ],
  "resolver_version": "pip-2020-resolver",
  "style": "universal",
  "target_systems": [
    "linux",
    "mac"
  ],
  "transitive": true,
  "use_pep517": null,
  "use_system_time": false
}
